// !$*UTF8*$!
{
	archiveVersion = 1;
	classes = {
	};
	objectVersion = 45;
	objects = {

/* Begin PBXBuildFile section */
		1DDD58160DA1D0A300B32029 /* MainMenu.xib in Resources */ = {isa = PBXBuildFile; fileRef = 1DDD58140DA1D0A300B32029 /* MainMenu.xib */; };
		1F0247AE12CE00CD0023455F /* libfreetype.a in Frameworks */ = {isa = PBXBuildFile; fileRef = 1F0247AD12CE00CD0023455F /* libfreetype.a */; };
		1F0D409111FEF2EB00C6D787 /* SDL.framework in Frameworks */ = {isa = PBXBuildFile; fileRef = 1F0D409011FEF2EB00C6D787 /* SDL.framework */; };
		1F0D40CB11FEF48500C6D787 /* SDLMain.m in Sources */ = {isa = PBXBuildFile; fileRef = 1F0D40CA11FEF48500C6D787 /* SDLMain.m */; };
		1F0D40E011FEF7C900C6D787 /* main.cpp in Sources */ = {isa = PBXBuildFile; fileRef = 1F0D40DF11FEF7C900C6D787 /* main.cpp */; };
		1F0D417011FEFFBE00C6D787 /* application.cpp in Sources */ = {isa = PBXBuildFile; fileRef = 1F0D416611FEFFBE00C6D787 /* application.cpp */; };
		1F0D417111FEFFBE00C6D787 /* engine.cpp in Sources */ = {isa = PBXBuildFile; fileRef = 1F0D416811FEFFBE00C6D787 /* engine.cpp */; };
		1F0D418611FF00D700C6D787 /* platform.cpp in Sources */ = {isa = PBXBuildFile; fileRef = 1F0D418511FF00D700C6D787 /* platform.cpp */; };
		1F0D419711FF0D1C00C6D787 /* openglcanvas.cpp in Sources */ = {isa = PBXBuildFile; fileRef = 1F0D419611FF0D1C00C6D787 /* openglcanvas.cpp */; };
		1F21FCCD120020CE000A8AC3 /* loadertask.cpp in Sources */ = {isa = PBXBuildFile; fileRef = 1F21FCCC120020CE000A8AC3 /* loadertask.cpp */; };
		1F21FCEA1200255D000A8AC3 /* texture.cpp in Sources */ = {isa = PBXBuildFile; fileRef = 1F21FCE91200255D000A8AC3 /* texture.cpp */; };
		1F21FD92120030B7000A8AC3 /* storeitem.cpp in Sources */ = {isa = PBXBuildFile; fileRef = 1F21FD91120030B7000A8AC3 /* storeitem.cpp */; };
		1F21FDFA12003389000A8AC3 /* openskyscraper.cpp in Sources */ = {isa = PBXBuildFile; fileRef = 1F21FDF912003389000A8AC3 /* openskyscraper.cpp */; };
		1F21FE09120035CA000A8AC3 /* towerscene.cpp in Sources */ = {isa = PBXBuildFile; fileRef = 1F21FE08120035CA000A8AC3 /* towerscene.cpp */; };
		1F21FE84120044AF000A8AC3 /* tower.cpp in Sources */ = {isa = PBXBuildFile; fileRef = 1F21FE83120044AF000A8AC3 /* tower.cpp */; };
		1F21FF1512007D1F000A8AC3 /* simtower.cpp in Sources */ = {isa = PBXBuildFile; fileRef = 1F21FF1412007D1F000A8AC3 /* simtower.cpp */; };
		1F21FF3C12008057000A8AC3 /* platform.mm in Sources */ = {isa = PBXBuildFile; fileRef = 1F21FF3B12008057000A8AC3 /* platform.mm */; };
		1F3824501202BBE800C1E2B0 /* sprite.cpp in Sources */ = {isa = PBXBuildFile; fileRef = 1F38244F1202BBE800C1E2B0 /* sprite.cpp */; };
		1F38276812032C2400C1E2B0 /* item.cpp in Sources */ = {isa = PBXBuildFile; fileRef = 1F38276712032C2400C1E2B0 /* item.cpp */; };
		1F38278D1203562700C1E2B0 /* lobby.cpp in Sources */ = {isa = PBXBuildFile; fileRef = 1F38278C1203562700C1E2B0 /* lobby.cpp */; };
		1F8B57BF1201F7470080E30C /* textures in Resources */ = {isa = PBXBuildFile; fileRef = 1F8B57BD1201F7470080E30C /* textures */; };
		1F8BBC9F12CAA4D700892C16 /* libIL.a in Frameworks */ = {isa = PBXBuildFile; fileRef = 1F8BBC9E12CAA4D700892C16 /* libIL.a */; };
		1F8BBCA112CAA4D700892C16 /* libpng.a in Frameworks */ = {isa = PBXBuildFile; fileRef = 1F8BBCA012CAA4D700892C16 /* libpng.a */; };
		1FAD1B3812C8E094004E5286 /* sound.cpp in Sources */ = {isa = PBXBuildFile; fileRef = 1FAD1B3712C8E094004E5286 /* sound.cpp */; };
		1FAD1B8412C8E362004E5286 /* OpenAL.framework in Frameworks */ = {isa = PBXBuildFile; fileRef = 1FAD1B8312C8E362004E5286 /* OpenAL.framework */; };
		1FC821C912CA1B0C00168481 /* toolboxwindow.cpp in Sources */ = {isa = PBXBuildFile; fileRef = 1FC821C812CA1B0C00168481 /* toolboxwindow.cpp */; };
		1FC821CC12CA1B6400168481 /* window.cpp in Sources */ = {isa = PBXBuildFile; fileRef = 1FC821CB12CA1B6400168481 /* window.cpp */; };
		1FD010C211FA3E330062C093 /* OpenGL.framework in Frameworks */ = {isa = PBXBuildFile; fileRef = 1FD010C111FA3E330062C093 /* OpenGL.framework */; };
		1FD0E9F411FF5831004F4D4E /* language.cpp in Sources */ = {isa = PBXBuildFile; fileRef = 1FD0E9F311FF5831004F4D4E /* language.cpp */; };
		1FD0EA6C11FF69CE004F4D4E /* inputtask.cpp in Sources */ = {isa = PBXBuildFile; fileRef = 1FD0EA6B11FF69CE004F4D4E /* inputtask.cpp */; };
		1FD0EA7511FF72AD004F4D4E /* object.cpp in Sources */ = {isa = PBXBuildFile; fileRef = 1FD0EA7411FF72AD004F4D4E /* object.cpp */; };
		1FD0EAA411FF8983004F4D4E /* coreobject.cpp in Sources */ = {isa = PBXBuildFile; fileRef = 1FD0EAA311FF8983004F4D4E /* coreobject.cpp */; };
		1FD0EAD911FF8E6A004F4D4E /* simulationtask.cpp in Sources */ = {isa = PBXBuildFile; fileRef = 1FD0EAD811FF8E6A004F4D4E /* simulationtask.cpp */; };
		1FD0EAE911FF8F5B004F4D4E /* rendertask.cpp in Sources */ = {isa = PBXBuildFile; fileRef = 1FD0EAE811FF8F5B004F4D4E /* rendertask.cpp */; };
		1FD0EB1D11FF96FC004F4D4E /* scene.cpp in Sources */ = {isa = PBXBuildFile; fileRef = 1FD0EB1C11FF96FC004F4D4E /* scene.cpp */; };
		1FF348F012CB993E0077DF1B /* office.cpp in Sources */ = {isa = PBXBuildFile; fileRef = 1FF348EF12CB993E0077DF1B /* office.cpp */; };
		1FFC7B5B12CD53A00071EA72 /* audiotask.cpp in Sources */ = {isa = PBXBuildFile; fileRef = 1FFC7B5A12CD53A00071EA72 /* audiotask.cpp */; };
		1FFC7B5F12CD576A0071EA72 /* soundeffect.cpp in Sources */ = {isa = PBXBuildFile; fileRef = 1FFC7B5E12CD576A0071EA72 /* soundeffect.cpp */; };
		1FFC7C7312CD7B630071EA72 /* controlwindow.cpp in Sources */ = {isa = PBXBuildFile; fileRef = 1FFC7C7212CD7B630071EA72 /* controlwindow.cpp */; };
		1FFC7D4912CD8C860071EA72 /* rand.cpp in Sources */ = {isa = PBXBuildFile; fileRef = 1FFC7D4812CD8C860071EA72 /* rand.cpp */; };
		1FFDB2E412CBE5260054BEA3 /* simtower-names.cpp in Sources */ = {isa = PBXBuildFile; fileRef = 1FFDB2E312CBE5260054BEA3 /* simtower-names.cpp */; };
		1FFFCBCA11FCD629005D8446 /* libz.dylib in Frameworks */ = {isa = PBXBuildFile; fileRef = 1FFFCBC911FCD629005D8446 /* libz.dylib */; };
		8D11072B0486CEB800E47090 /* InfoPlist.strings in Resources */ = {isa = PBXBuildFile; fileRef = 089C165CFE840E0CC02AAC07 /* InfoPlist.strings */; };
		8D11072F0486CEB800E47090 /* Cocoa.framework in Frameworks */ = {isa = PBXBuildFile; fileRef = 1058C7A1FEA54F0111CA2CBB /* Cocoa.framework */; };
/* End PBXBuildFile section */

/* Begin PBXCopyFilesBuildPhase section */
		1FC9ABED12CA71FC003D1D2A /* Copy Frameworks */ = {
			isa = PBXCopyFilesBuildPhase;
			buildActionMask = 2147483647;
			dstPath = "";
			dstSubfolderSpec = 10;
			files = (
			);
			name = "Copy Frameworks";
			runOnlyForDeploymentPostprocessing = 0;
		};
/* End PBXCopyFilesBuildPhase section */

/* Begin PBXFileReference section */
		089C165DFE840E0CC02AAC07 /* English */ = {isa = PBXFileReference; fileEncoding = 4; lastKnownFileType = text.plist.strings; name = English; path = English.lproj/InfoPlist.strings; sourceTree = "<group>"; };
		1058C7A1FEA54F0111CA2CBB /* Cocoa.framework */ = {isa = PBXFileReference; lastKnownFileType = wrapper.framework; name = Cocoa.framework; path = /System/Library/Frameworks/Cocoa.framework; sourceTree = "<absolute>"; };
		13E42FB307B3F0F600E4EEF1 /* CoreData.framework */ = {isa = PBXFileReference; lastKnownFileType = wrapper.framework; name = CoreData.framework; path = /System/Library/Frameworks/CoreData.framework; sourceTree = "<absolute>"; };
		1DDD58150DA1D0A300B32029 /* English */ = {isa = PBXFileReference; lastKnownFileType = file.xib; name = English; path = English.lproj/MainMenu.xib; sourceTree = "<group>"; };
		1F0247AD12CE00CD0023455F /* libfreetype.a */ = {isa = PBXFileReference; lastKnownFileType = archive.ar; name = libfreetype.a; path = /usr/local/lib/libfreetype.a; sourceTree = "<absolute>"; };
		1F0D409011FEF2EB00C6D787 /* SDL.framework */ = {isa = PBXFileReference; lastKnownFileType = wrapper.framework; name = SDL.framework; path = Library/Frameworks/SDL.framework; sourceTree = SDKROOT; };
		1F0D40C911FEF48500C6D787 /* SDLMain.h */ = {isa = PBXFileReference; fileEncoding = 4; lastKnownFileType = sourcecode.c.h; path = SDLMain.h; sourceTree = "<group>"; };
		1F0D40CA11FEF48500C6D787 /* SDLMain.m */ = {isa = PBXFileReference; fileEncoding = 4; lastKnownFileType = sourcecode.c.objc; path = SDLMain.m; sourceTree = "<group>"; };
		1F0D40DF11FEF7C900C6D787 /* main.cpp */ = {isa = PBXFileReference; fileEncoding = 4; lastKnownFileType = sourcecode.cpp.cpp; path = main.cpp; sourceTree = "<group>"; };
		1F0D411211FEF95A00C6D787 /* base.h */ = {isa = PBXFileReference; fileEncoding = 4; lastKnownFileType = sourcecode.c.h; path = base.h; sourceTree = "<group>"; };
		1F0D411311FEF95A00C6D787 /* functor.h */ = {isa = PBXFileReference; fileEncoding = 4; lastKnownFileType = sourcecode.c.h; path = functor.h; sourceTree = "<group>"; };
		1F0D411411FEF95A00C6D787 /* object.h */ = {isa = PBXFileReference; fileEncoding = 4; lastKnownFileType = sourcecode.c.h; path = object.h; sourceTree = "<group>"; };
		1F0D411511FEF95A00C6D787 /* pointer.h */ = {isa = PBXFileReference; fileEncoding = 4; lastKnownFileType = sourcecode.c.h; path = pointer.h; sourceTree = "<group>"; };
		1F0D411611FEF95A00C6D787 /* singleton.h */ = {isa = PBXFileReference; fileEncoding = 4; lastKnownFileType = sourcecode.c.h; path = singleton.h; sourceTree = "<group>"; };
		1F0D412511FEFA1D00C6D787 /* classes.h */ = {isa = PBXFileReference; fileEncoding = 4; lastKnownFileType = sourcecode.c.h; path = classes.h; sourceTree = "<group>"; };
		1F0D412611FEFA1D00C6D787 /* general.h */ = {isa = PBXFileReference; fileEncoding = 4; lastKnownFileType = sourcecode.c.h; path = general.h; sourceTree = "<group>"; };
		1F0D412711FEFA1D00C6D787 /* macros.h */ = {isa = PBXFileReference; fileEncoding = 4; lastKnownFileType = sourcecode.c.h; path = macros.h; sourceTree = "<group>"; };
		1F0D412811FEFA1D00C6D787 /* types.h */ = {isa = PBXFileReference; fileEncoding = 4; lastKnownFileType = sourcecode.c.h; path = types.h; sourceTree = "<group>"; };
		1F0D416611FEFFBE00C6D787 /* application.cpp */ = {isa = PBXFileReference; fileEncoding = 4; lastKnownFileType = sourcecode.cpp.cpp; path = application.cpp; sourceTree = "<group>"; };
		1F0D416711FEFFBE00C6D787 /* application.h */ = {isa = PBXFileReference; fileEncoding = 4; lastKnownFileType = sourcecode.c.h; path = application.h; sourceTree = "<group>"; };
		1F0D416811FEFFBE00C6D787 /* engine.cpp */ = {isa = PBXFileReference; fileEncoding = 4; lastKnownFileType = sourcecode.cpp.cpp; path = engine.cpp; sourceTree = "<group>"; };
		1F0D416911FEFFBE00C6D787 /* engine.h */ = {isa = PBXFileReference; fileEncoding = 4; lastKnownFileType = sourcecode.c.h; path = engine.h; sourceTree = "<group>"; };
		1F0D417511FEFFD400C6D787 /* core.h */ = {isa = PBXFileReference; fileEncoding = 4; lastKnownFileType = sourcecode.c.h; path = core.h; sourceTree = "<group>"; };
		1F0D418411FF00D700C6D787 /* platform.h */ = {isa = PBXFileReference; fileEncoding = 4; lastKnownFileType = sourcecode.c.h; path = platform.h; sourceTree = "<group>"; };
		1F0D418511FF00D700C6D787 /* platform.cpp */ = {isa = PBXFileReference; fileEncoding = 4; lastKnownFileType = sourcecode.cpp.cpp; path = platform.cpp; sourceTree = "<group>"; };
		1F0D419511FF0D1C00C6D787 /* openglcanvas.h */ = {isa = PBXFileReference; fileEncoding = 4; lastKnownFileType = sourcecode.c.h; path = openglcanvas.h; sourceTree = "<group>"; };
		1F0D419611FF0D1C00C6D787 /* openglcanvas.cpp */ = {isa = PBXFileReference; fileEncoding = 4; lastKnownFileType = sourcecode.cpp.cpp; path = openglcanvas.cpp; sourceTree = "<group>"; };
		1F0D41A311FF0DF000C6D787 /* rect.h */ = {isa = PBXFileReference; fileEncoding = 4; lastKnownFileType = sourcecode.c.h; path = rect.h; sourceTree = "<group>"; };
		1F0D41A411FF0DF000C6D787 /* vector2D.h */ = {isa = PBXFileReference; fileEncoding = 4; lastKnownFileType = sourcecode.c.h; path = vector2D.h; sourceTree = "<group>"; };
		1F0D41AB11FF0E5F00C6D787 /* math.h */ = {isa = PBXFileReference; fileEncoding = 4; lastKnownFileType = sourcecode.c.h; path = math.h; sourceTree = "<group>"; };
		1F21FCA1120013F5000A8AC3 /* store.h */ = {isa = PBXFileReference; fileEncoding = 4; lastKnownFileType = sourcecode.c.h; path = store.h; sourceTree = "<group>"; };
		1F21FCC312001F39000A8AC3 /* storeitem.h */ = {isa = PBXFileReference; fileEncoding = 4; lastKnownFileType = sourcecode.c.h; path = storeitem.h; sourceTree = "<group>"; };
		1F21FCCB120020CE000A8AC3 /* loadertask.h */ = {isa = PBXFileReference; fileEncoding = 4; lastKnownFileType = sourcecode.c.h; path = loadertask.h; sourceTree = "<group>"; };
		1F21FCCC120020CE000A8AC3 /* loadertask.cpp */ = {isa = PBXFileReference; fileEncoding = 4; lastKnownFileType = sourcecode.cpp.cpp; path = loadertask.cpp; sourceTree = "<group>"; };
		1F21FCE81200255D000A8AC3 /* texture.h */ = {isa = PBXFileReference; fileEncoding = 4; lastKnownFileType = sourcecode.c.h; path = texture.h; sourceTree = "<group>"; };
		1F21FCE91200255D000A8AC3 /* texture.cpp */ = {isa = PBXFileReference; fileEncoding = 4; lastKnownFileType = sourcecode.cpp.cpp; path = texture.cpp; sourceTree = "<group>"; };
		1F21FCF612002690000A8AC3 /* resources.h */ = {isa = PBXFileReference; fileEncoding = 4; lastKnownFileType = sourcecode.c.h; path = resources.h; sourceTree = "<group>"; };
		1F21FD91120030B7000A8AC3 /* storeitem.cpp */ = {isa = PBXFileReference; fileEncoding = 4; lastKnownFileType = sourcecode.cpp.cpp; path = storeitem.cpp; sourceTree = "<group>"; };
		1F21FDF812003389000A8AC3 /* openskyscraper.h */ = {isa = PBXFileReference; fileEncoding = 4; lastKnownFileType = sourcecode.c.h; path = openskyscraper.h; sourceTree = "<group>"; };
		1F21FDF912003389000A8AC3 /* openskyscraper.cpp */ = {isa = PBXFileReference; fileEncoding = 4; lastKnownFileType = sourcecode.cpp.cpp; path = openskyscraper.cpp; sourceTree = "<group>"; };
		1F21FE07120035CA000A8AC3 /* towerscene.h */ = {isa = PBXFileReference; fileEncoding = 4; lastKnownFileType = sourcecode.c.h; path = towerscene.h; sourceTree = "<group>"; };
		1F21FE08120035CA000A8AC3 /* towerscene.cpp */ = {isa = PBXFileReference; fileEncoding = 4; lastKnownFileType = sourcecode.cpp.cpp; path = towerscene.cpp; sourceTree = "<group>"; };
		1F21FE0D12003671000A8AC3 /* scenes.h */ = {isa = PBXFileReference; fileEncoding = 4; lastKnownFileType = sourcecode.c.h; path = scenes.h; sourceTree = "<group>"; };
		1F21FE82120044AF000A8AC3 /* tower.h */ = {isa = PBXFileReference; fileEncoding = 4; lastKnownFileType = sourcecode.c.h; path = tower.h; sourceTree = "<group>"; };
		1F21FE83120044AF000A8AC3 /* tower.cpp */ = {isa = PBXFileReference; fileEncoding = 4; lastKnownFileType = sourcecode.cpp.cpp; path = tower.cpp; sourceTree = "<group>"; };
		1F21FF1312007D1F000A8AC3 /* simtower.h */ = {isa = PBXFileReference; fileEncoding = 4; lastKnownFileType = sourcecode.c.h; path = simtower.h; sourceTree = "<group>"; };
		1F21FF1412007D1F000A8AC3 /* simtower.cpp */ = {isa = PBXFileReference; fileEncoding = 4; lastKnownFileType = sourcecode.cpp.cpp; path = simtower.cpp; sourceTree = "<group>"; };
		1F21FF1B12007DEC000A8AC3 /* game.h */ = {isa = PBXFileReference; fileEncoding = 4; lastKnownFileType = sourcecode.c.h; path = game.h; sourceTree = "<group>"; };
		1F21FF3B12008057000A8AC3 /* platform.mm */ = {isa = PBXFileReference; fileEncoding = 4; lastKnownFileType = sourcecode.cpp.objcpp; path = platform.mm; sourceTree = "<group>"; };
		1F38244E1202BBE800C1E2B0 /* sprite.h */ = {isa = PBXFileReference; fileEncoding = 4; lastKnownFileType = sourcecode.c.h; path = sprite.h; sourceTree = "<group>"; };
		1F38244F1202BBE800C1E2B0 /* sprite.cpp */ = {isa = PBXFileReference; fileEncoding = 4; lastKnownFileType = sourcecode.cpp.cpp; path = sprite.cpp; sourceTree = "<group>"; };
		1F38253D1202ED5000C1E2B0 /* gameevent.h */ = {isa = PBXFileReference; fileEncoding = 4; lastKnownFileType = sourcecode.c.h; path = gameevent.h; sourceTree = "<group>"; };
		1F38276612032C2400C1E2B0 /* item.h */ = {isa = PBXFileReference; fileEncoding = 4; lastKnownFileType = sourcecode.c.h; path = item.h; sourceTree = "<group>"; };
		1F38276712032C2400C1E2B0 /* item.cpp */ = {isa = PBXFileReference; fileEncoding = 4; lastKnownFileType = sourcecode.cpp.cpp; path = item.cpp; sourceTree = "<group>"; };
		1F38278B1203562700C1E2B0 /* lobby.h */ = {isa = PBXFileReference; fileEncoding = 4; lastKnownFileType = sourcecode.c.h; path = lobby.h; sourceTree = "<group>"; };
		1F38278C1203562700C1E2B0 /* lobby.cpp */ = {isa = PBXFileReference; fileEncoding = 4; lastKnownFileType = sourcecode.cpp.cpp; path = lobby.cpp; sourceTree = "<group>"; };
		1F3827911203574300C1E2B0 /* items.h */ = {isa = PBXFileReference; fileEncoding = 4; lastKnownFileType = sourcecode.c.h; path = items.h; sourceTree = "<group>"; };
		1F8B57BD1201F7470080E30C /* textures */ = {isa = PBXFileReference; lastKnownFileType = folder; name = textures; path = ../../resources/textures; sourceTree = "<group>"; };
		1F8BBC9E12CAA4D700892C16 /* libIL.a */ = {isa = PBXFileReference; lastKnownFileType = archive.ar; name = libIL.a; path = /usr/local/lib/libIL.a; sourceTree = "<absolute>"; };
		1F8BBCA012CAA4D700892C16 /* libpng.a */ = {isa = PBXFileReference; lastKnownFileType = archive.ar; name = libpng.a; path = /usr/local/lib/libpng.a; sourceTree = "<absolute>"; };
		1FAD1B3612C8E094004E5286 /* sound.h */ = {isa = PBXFileReference; fileEncoding = 4; lastKnownFileType = sourcecode.c.h; path = sound.h; sourceTree = "<group>"; };
		1FAD1B3712C8E094004E5286 /* sound.cpp */ = {isa = PBXFileReference; fileEncoding = 4; lastKnownFileType = sourcecode.cpp.cpp; path = sound.cpp; sourceTree = "<group>"; };
		1FAD1B8312C8E362004E5286 /* OpenAL.framework */ = {isa = PBXFileReference; lastKnownFileType = wrapper.framework; name = OpenAL.framework; path = System/Library/Frameworks/OpenAL.framework; sourceTree = SDKROOT; };
		1FAD1B9812C8E4AE004E5286 /* alc.h */ = {isa = PBXFileReference; fileEncoding = 4; lastKnownFileType = sourcecode.c.h; path = alc.h; sourceTree = "<group>"; };
		1FC821C712CA1B0C00168481 /* toolboxwindow.h */ = {isa = PBXFileReference; fileEncoding = 4; lastKnownFileType = sourcecode.c.h; path = toolboxwindow.h; sourceTree = "<group>"; };
		1FC821C812CA1B0C00168481 /* toolboxwindow.cpp */ = {isa = PBXFileReference; fileEncoding = 4; lastKnownFileType = sourcecode.cpp.cpp; path = toolboxwindow.cpp; sourceTree = "<group>"; };
		1FC821CA12CA1B6400168481 /* window.h */ = {isa = PBXFileReference; fileEncoding = 4; lastKnownFileType = sourcecode.c.h; path = window.h; sourceTree = "<group>"; };
		1FC821CB12CA1B6400168481 /* window.cpp */ = {isa = PBXFileReference; fileEncoding = 4; lastKnownFileType = sourcecode.cpp.cpp; path = window.cpp; sourceTree = "<group>"; };
		1FC821D012CA1C1100168481 /* gui.h */ = {isa = PBXFileReference; fileEncoding = 4; lastKnownFileType = sourcecode.c.h; path = gui.h; sourceTree = "<group>"; };
		1FD010C111FA3E330062C093 /* OpenGL.framework */ = {isa = PBXFileReference; lastKnownFileType = wrapper.framework; name = OpenGL.framework; path = System/Library/Frameworks/OpenGL.framework; sourceTree = SDKROOT; };
		1FD0E9F211FF5831004F4D4E /* language.h */ = {isa = PBXFileReference; fileEncoding = 4; lastKnownFileType = sourcecode.c.h; path = language.h; sourceTree = "<group>"; };
		1FD0E9F311FF5831004F4D4E /* language.cpp */ = {isa = PBXFileReference; fileEncoding = 4; lastKnownFileType = sourcecode.cpp.cpp; path = language.cpp; sourceTree = "<group>"; };
		1FD0EA6611FF68CF004F4D4E /* task.h */ = {isa = PBXFileReference; fileEncoding = 4; lastKnownFileType = sourcecode.c.h; path = task.h; sourceTree = "<group>"; };
		1FD0EA6711FF68EE004F4D4E /* tasks.h */ = {isa = PBXFileReference; fileEncoding = 4; lastKnownFileType = sourcecode.c.h; path = tasks.h; sourceTree = "<group>"; };
		1FD0EA6A11FF69CE004F4D4E /* inputtask.h */ = {isa = PBXFileReference; fileEncoding = 4; lastKnownFileType = sourcecode.c.h; path = inputtask.h; sourceTree = "<group>"; };
		1FD0EA6B11FF69CE004F4D4E /* inputtask.cpp */ = {isa = PBXFileReference; fileEncoding = 4; lastKnownFileType = sourcecode.cpp.cpp; path = inputtask.cpp; sourceTree = "<group>"; };
		1FD0EA7011FF6E76004F4D4E /* event.h */ = {isa = PBXFileReference; fileEncoding = 4; lastKnownFileType = sourcecode.c.h; path = event.h; sourceTree = "<group>"; };
		1FD0EA7411FF72AD004F4D4E /* object.cpp */ = {isa = PBXFileReference; fileEncoding = 4; lastKnownFileType = sourcecode.cpp.cpp; path = object.cpp; sourceTree = "<group>"; };
		1FD0EA9711FF7A0A004F4D4E /* coreevent.h */ = {isa = PBXFileReference; fileEncoding = 4; lastKnownFileType = sourcecode.c.h; path = coreevent.h; sourceTree = "<group>"; };
		1FD0EAA211FF8983004F4D4E /* coreobject.h */ = {isa = PBXFileReference; fileEncoding = 4; lastKnownFileType = sourcecode.c.h; path = coreobject.h; sourceTree = "<group>"; };
		1FD0EAA311FF8983004F4D4E /* coreobject.cpp */ = {isa = PBXFileReference; fileEncoding = 4; lastKnownFileType = sourcecode.cpp.cpp; path = coreobject.cpp; sourceTree = "<group>"; };
		1FD0EAD711FF8E6A004F4D4E /* simulationtask.h */ = {isa = PBXFileReference; fileEncoding = 4; lastKnownFileType = sourcecode.c.h; path = simulationtask.h; sourceTree = "<group>"; };
		1FD0EAD811FF8E6A004F4D4E /* simulationtask.cpp */ = {isa = PBXFileReference; fileEncoding = 4; lastKnownFileType = sourcecode.cpp.cpp; path = simulationtask.cpp; sourceTree = "<group>"; };
		1FD0EAE711FF8F5B004F4D4E /* rendertask.h */ = {isa = PBXFileReference; fileEncoding = 4; lastKnownFileType = sourcecode.c.h; path = rendertask.h; sourceTree = "<group>"; };
		1FD0EAE811FF8F5B004F4D4E /* rendertask.cpp */ = {isa = PBXFileReference; fileEncoding = 4; lastKnownFileType = sourcecode.cpp.cpp; path = rendertask.cpp; sourceTree = "<group>"; };
		1FD0EB1811FF930F004F4D4E /* scene.h */ = {isa = PBXFileReference; fileEncoding = 4; lastKnownFileType = sourcecode.c.h; path = scene.h; sourceTree = "<group>"; };
		1FD0EB1C11FF96FC004F4D4E /* scene.cpp */ = {isa = PBXFileReference; fileEncoding = 4; lastKnownFileType = sourcecode.cpp.cpp; path = scene.cpp; sourceTree = "<group>"; };
		1FF348EE12CB993E0077DF1B /* office.h */ = {isa = PBXFileReference; fileEncoding = 4; lastKnownFileType = sourcecode.c.h; path = office.h; sourceTree = "<group>"; };
		1FF348EF12CB993E0077DF1B /* office.cpp */ = {isa = PBXFileReference; fileEncoding = 4; lastKnownFileType = sourcecode.cpp.cpp; path = office.cpp; sourceTree = "<group>"; };
		1FFC7B5912CD53A00071EA72 /* audiotask.h */ = {isa = PBXFileReference; fileEncoding = 4; lastKnownFileType = sourcecode.c.h; path = audiotask.h; sourceTree = "<group>"; };
		1FFC7B5A12CD53A00071EA72 /* audiotask.cpp */ = {isa = PBXFileReference; fileEncoding = 4; lastKnownFileType = sourcecode.cpp.cpp; path = audiotask.cpp; sourceTree = "<group>"; };
		1FFC7B5D12CD576A0071EA72 /* soundeffect.h */ = {isa = PBXFileReference; fileEncoding = 4; lastKnownFileType = sourcecode.c.h; path = soundeffect.h; sourceTree = "<group>"; };
		1FFC7B5E12CD576A0071EA72 /* soundeffect.cpp */ = {isa = PBXFileReference; fileEncoding = 4; lastKnownFileType = sourcecode.cpp.cpp; path = soundeffect.cpp; sourceTree = "<group>"; };
		1FFC7C7112CD7B630071EA72 /* controlwindow.h */ = {isa = PBXFileReference; fileEncoding = 4; lastKnownFileType = sourcecode.c.h; path = controlwindow.h; sourceTree = "<group>"; };
		1FFC7C7212CD7B630071EA72 /* controlwindow.cpp */ = {isa = PBXFileReference; fileEncoding = 4; lastKnownFileType = sourcecode.cpp.cpp; path = controlwindow.cpp; sourceTree = "<group>"; };
		1FFC7D0212CD87130071EA72 /* rand.h */ = {isa = PBXFileReference; fileEncoding = 4; lastKnownFileType = sourcecode.c.h; path = rand.h; sourceTree = "<group>"; };
		1FFC7D4812CD8C860071EA72 /* rand.cpp */ = {isa = PBXFileReference; fileEncoding = 4; lastKnownFileType = sourcecode.cpp.cpp; path = rand.cpp; sourceTree = "<group>"; };
		1FFDB2E312CBE5260054BEA3 /* simtower-names.cpp */ = {isa = PBXFileReference; fileEncoding = 4; lastKnownFileType = sourcecode.cpp.cpp; path = "simtower-names.cpp"; sourceTree = "<group>"; };
		1FFFCBC911FCD629005D8446 /* libz.dylib */ = {isa = PBXFileReference; lastKnownFileType = "compiled.mach-o.dylib"; name = libz.dylib; path = usr/lib/libz.dylib; sourceTree = SDKROOT; };
		256AC3F00F4B6AF500CF3369 /* OpenSkyscraper_Prefix.pch */ = {isa = PBXFileReference; fileEncoding = 4; lastKnownFileType = sourcecode.c.h; path = OpenSkyscraper_Prefix.pch; sourceTree = "<group>"; };
		29B97324FDCFA39411CA2CEA /* AppKit.framework */ = {isa = PBXFileReference; lastKnownFileType = wrapper.framework; name = AppKit.framework; path = /System/Library/Frameworks/AppKit.framework; sourceTree = "<absolute>"; };
		29B97325FDCFA39411CA2CEA /* Foundation.framework */ = {isa = PBXFileReference; lastKnownFileType = wrapper.framework; name = Foundation.framework; path = /System/Library/Frameworks/Foundation.framework; sourceTree = "<absolute>"; };
		8D1107310486CEB800E47090 /* OpenSkyscraper-Info.plist */ = {isa = PBXFileReference; fileEncoding = 4; lastKnownFileType = text.plist.xml; path = "OpenSkyscraper-Info.plist"; sourceTree = "<group>"; };
		8D1107320486CEB800E47090 /* OpenSkyscraper.app */ = {isa = PBXFileReference; explicitFileType = wrapper.application; includeInIndex = 0; path = OpenSkyscraper.app; sourceTree = BUILT_PRODUCTS_DIR; };
/* End PBXFileReference section */

/* Begin PBXFrameworksBuildPhase section */
		8D11072E0486CEB800E47090 /* Frameworks */ = {
			isa = PBXFrameworksBuildPhase;
			buildActionMask = 2147483647;
			files = (
				8D11072F0486CEB800E47090 /* Cocoa.framework in Frameworks */,
				1FD010C211FA3E330062C093 /* OpenGL.framework in Frameworks */,
				1FFFCBCA11FCD629005D8446 /* libz.dylib in Frameworks */,
				1F0D409111FEF2EB00C6D787 /* SDL.framework in Frameworks */,
				1FAD1B8412C8E362004E5286 /* OpenAL.framework in Frameworks */,
				1F8BBC9F12CAA4D700892C16 /* libIL.a in Frameworks */,
				1F8BBCA112CAA4D700892C16 /* libpng.a in Frameworks */,
				1F0247AE12CE00CD0023455F /* libfreetype.a in Frameworks */,
			);
			runOnlyForDeploymentPostprocessing = 0;
		};
/* End PBXFrameworksBuildPhase section */

/* Begin PBXGroup section */
		1058C7A0FEA54F0111CA2CBB /* Apple */ = {
			isa = PBXGroup;
			children = (
				29B97324FDCFA39411CA2CEA /* AppKit.framework */,
				13E42FB307B3F0F600E4EEF1 /* CoreData.framework */,
				29B97325FDCFA39411CA2CEA /* Foundation.framework */,
				1FFFCBC911FCD629005D8446 /* libz.dylib */,
				1058C7A1FEA54F0111CA2CBB /* Cocoa.framework */,
				1FD010C111FA3E330062C093 /* OpenGL.framework */,
				1FAD1B8312C8E362004E5286 /* OpenAL.framework */,
			);
			name = Apple;
			sourceTree = "<group>";
		};
		1058C7A2FEA54F0111CA2CBB /* Third-party */ = {
			isa = PBXGroup;
			children = (
				1F8BBC9E12CAA4D700892C16 /* libIL.a */,
				1F8BBCA012CAA4D700892C16 /* libpng.a */,
				1F0D409011FEF2EB00C6D787 /* SDL.framework */,
				1F0247AD12CE00CD0023455F /* libfreetype.a */,
			);
			name = "Third-party";
			sourceTree = "<group>";
		};
		19C28FACFE9D520D11CA2CBB /* Products */ = {
			isa = PBXGroup;
			children = (
				8D1107320486CEB800E47090 /* OpenSkyscraper.app */,
			);
			name = Products;
			sourceTree = "<group>";
		};
		1F0D411111FEF95A00C6D787 /* base */ = {
			isa = PBXGroup;
			children = (
				1F0D411211FEF95A00C6D787 /* base.h */,
				1FD0EA7011FF6E76004F4D4E /* event.h */,
				1F0D411311FEF95A00C6D787 /* functor.h */,
				1F0D411411FEF95A00C6D787 /* object.h */,
				1FD0EA7411FF72AD004F4D4E /* object.cpp */,
				1F0D411511FEF95A00C6D787 /* pointer.h */,
				1F0D411611FEF95A00C6D787 /* singleton.h */,
			);
			path = base;
			sourceTree = "<group>";
		};
		1F0D416511FEFFBE00C6D787 /* core */ = {
			isa = PBXGroup;
			children = (
				1F0D417511FEFFD400C6D787 /* core.h */,
				1FD0EA9711FF7A0A004F4D4E /* coreevent.h */,
				1FD0EAA211FF8983004F4D4E /* coreobject.h */,
				1FD0EAA311FF8983004F4D4E /* coreobject.cpp */,
				1F0D416711FEFFBE00C6D787 /* application.h */,
				1F0D416611FEFFBE00C6D787 /* application.cpp */,
				1F0D416911FEFFBE00C6D787 /* engine.h */,
				1F0D416811FEFFBE00C6D787 /* engine.cpp */,
				1FD0E9F211FF5831004F4D4E /* language.h */,
				1FD0E9F311FF5831004F4D4E /* language.cpp */,
				1F0D419511FF0D1C00C6D787 /* openglcanvas.h */,
				1F0D419611FF0D1C00C6D787 /* openglcanvas.cpp */,
				1F0D418411FF00D700C6D787 /* platform.h */,
				1F0D418511FF00D700C6D787 /* platform.cpp */,
				1FD0EB1811FF930F004F4D4E /* scene.h */,
				1FD0EB1C11FF96FC004F4D4E /* scene.cpp */,
				1FFC7B5D12CD576A0071EA72 /* soundeffect.h */,
				1FFC7B5E12CD576A0071EA72 /* soundeffect.cpp */,
				1F38244E1202BBE800C1E2B0 /* sprite.h */,
				1F38244F1202BBE800C1E2B0 /* sprite.cpp */,
				1FD0EA6511FF68CA004F4D4E /* tasks */,
			);
			path = core;
			sourceTree = "<group>";
		};
		1F0D41A211FF0DF000C6D787 /* math */ = {
			isa = PBXGroup;
			children = (
				1F0D41AB11FF0E5F00C6D787 /* math.h */,
				1FFC7D0212CD87130071EA72 /* rand.h */,
				1FFC7D4812CD8C860071EA72 /* rand.cpp */,
				1F0D41A311FF0DF000C6D787 /* rect.h */,
				1F0D41A411FF0DF000C6D787 /* vector2D.h */,
			);
			path = math;
			sourceTree = "<group>";
		};
		1F21FCA012001295000A8AC3 /* resources */ = {
			isa = PBXGroup;
			children = (
				1F21FCF612002690000A8AC3 /* resources.h */,
				1F21FCA1120013F5000A8AC3 /* store.h */,
				1F21FCC312001F39000A8AC3 /* storeitem.h */,
				1F21FD91120030B7000A8AC3 /* storeitem.cpp */,
				1F21FCE81200255D000A8AC3 /* texture.h */,
				1F21FCE91200255D000A8AC3 /* texture.cpp */,
				1FAD1B3612C8E094004E5286 /* sound.h */,
				1FAD1B3712C8E094004E5286 /* sound.cpp */,
			);
			path = resources;
			sourceTree = "<group>";
		};
		1F21FDF712003361000A8AC3 /* game */ = {
			isa = PBXGroup;
			children = (
				1F21FF1B12007DEC000A8AC3 /* game.h */,
				1F38253D1202ED5000C1E2B0 /* gameevent.h */,
				1FC821C312CA1A9C00168481 /* gui */,
				1F38276612032C2400C1E2B0 /* item.h */,
				1F38276712032C2400C1E2B0 /* item.cpp */,
				1F38278A1203562000C1E2B0 /* items */,
				1F21FDF812003389000A8AC3 /* openskyscraper.h */,
				1F21FDF912003389000A8AC3 /* openskyscraper.cpp */,
				1F21FE061200359B000A8AC3 /* scenes */,
				1F21FE82120044AF000A8AC3 /* tower.h */,
				1F21FE83120044AF000A8AC3 /* tower.cpp */,
				1F21FF1312007D1F000A8AC3 /* simtower.h */,
				1F21FF1412007D1F000A8AC3 /* simtower.cpp */,
				1FFDB2E312CBE5260054BEA3 /* simtower-names.cpp */,
			);
			path = game;
			sourceTree = "<group>";
		};
		1F21FE061200359B000A8AC3 /* scenes */ = {
			isa = PBXGroup;
			children = (
				1F21FE0D12003671000A8AC3 /* scenes.h */,
				1F21FE07120035CA000A8AC3 /* towerscene.h */,
				1F21FE08120035CA000A8AC3 /* towerscene.cpp */,
			);
			path = scenes;
			sourceTree = "<group>";
		};
		1F21FF3912008046000A8AC3 /* os */ = {
			isa = PBXGroup;
			children = (
				1F21FF3A12008046000A8AC3 /* macosx */,
			);
			path = os;
			sourceTree = "<group>";
		};
		1F21FF3A12008046000A8AC3 /* macosx */ = {
			isa = PBXGroup;
			children = (
				1F21FF3B12008057000A8AC3 /* platform.mm */,
				1FAD1B9812C8E4AE004E5286 /* alc.h */,
			);
			path = macosx;
			sourceTree = "<group>";
		};
		1F38278A1203562000C1E2B0 /* items */ = {
			isa = PBXGroup;
			children = (
				1F3827911203574300C1E2B0 /* items.h */,
				1F38278B1203562700C1E2B0 /* lobby.h */,
				1F38278C1203562700C1E2B0 /* lobby.cpp */,
				1FF348EE12CB993E0077DF1B /* office.h */,
				1FF348EF12CB993E0077DF1B /* office.cpp */,
			);
			path = items;
			sourceTree = "<group>";
		};
		1FC821C312CA1A9C00168481 /* gui */ = {
			isa = PBXGroup;
			children = (
				1FC821D012CA1C1100168481 /* gui.h */,
				1FC821C712CA1B0C00168481 /* toolboxwindow.h */,
				1FC821C812CA1B0C00168481 /* toolboxwindow.cpp */,
				1FC821CA12CA1B6400168481 /* window.h */,
				1FC821CB12CA1B6400168481 /* window.cpp */,
				1FFC7C7112CD7B630071EA72 /* controlwindow.h */,
				1FFC7C7212CD7B630071EA72 /* controlwindow.cpp */,
			);
			path = gui;
			sourceTree = "<group>";
		};
		1FD010C511FA3E500062C093 /* source */ = {
			isa = PBXGroup;
			children = (
				1F0D412611FEFA1D00C6D787 /* general.h */,
				1F0D412511FEFA1D00C6D787 /* classes.h */,
				1F0D412711FEFA1D00C6D787 /* macros.h */,
				1F0D412811FEFA1D00C6D787 /* types.h */,
				1F0D411111FEF95A00C6D787 /* base */,
				1F0D416511FEFFBE00C6D787 /* core */,
				1F21FDF712003361000A8AC3 /* game */,
				1F0D40DF11FEF7C900C6D787 /* main.cpp */,
				1F21FF3912008046000A8AC3 /* os */,
				1F0D41A211FF0DF000C6D787 /* math */,
				1F21FCA012001295000A8AC3 /* resources */,
			);
			name = source;
			path = ../../source;
			sourceTree = "<group>";
		};
		1FD0EA6511FF68CA004F4D4E /* tasks */ = {
			isa = PBXGroup;
			children = (
				1FD0EA6711FF68EE004F4D4E /* tasks.h */,
				1FD0EA6611FF68CF004F4D4E /* task.h */,
				1FFC7B5912CD53A00071EA72 /* audiotask.h */,
				1FFC7B5A12CD53A00071EA72 /* audiotask.cpp */,
				1FD0EA6A11FF69CE004F4D4E /* inputtask.h */,
				1FD0EA6B11FF69CE004F4D4E /* inputtask.cpp */,
				1FD0EAD711FF8E6A004F4D4E /* simulationtask.h */,
				1FD0EAD811FF8E6A004F4D4E /* simulationtask.cpp */,
				1FD0EAE711FF8F5B004F4D4E /* rendertask.h */,
				1FD0EAE811FF8F5B004F4D4E /* rendertask.cpp */,
				1F21FCCB120020CE000A8AC3 /* loadertask.h */,
				1F21FCCC120020CE000A8AC3 /* loadertask.cpp */,
			);
			path = tasks;
			sourceTree = "<group>";
		};
		29B97314FDCFA39411CA2CEA /* OpenSkyscraper */ = {
			isa = PBXGroup;
			children = (
				1FD010C511FA3E500062C093 /* source */,
				29B97315FDCFA39411CA2CEA /* Other Sources */,
				29B97317FDCFA39411CA2CEA /* Resources */,
				29B97323FDCFA39411CA2CEA /* Frameworks and Libraries */,
				19C28FACFE9D520D11CA2CBB /* Products */,
			);
			name = OpenSkyscraper;
			sourceTree = "<group>";
		};
		29B97315FDCFA39411CA2CEA /* Other Sources */ = {
			isa = PBXGroup;
			children = (
				256AC3F00F4B6AF500CF3369 /* OpenSkyscraper_Prefix.pch */,
				1F0D40C911FEF48500C6D787 /* SDLMain.h */,
				1F0D40CA11FEF48500C6D787 /* SDLMain.m */,
			);
			name = "Other Sources";
			sourceTree = "<group>";
		};
		29B97317FDCFA39411CA2CEA /* Resources */ = {
			isa = PBXGroup;
			children = (
				1F8B57BD1201F7470080E30C /* textures */,
				8D1107310486CEB800E47090 /* OpenSkyscraper-Info.plist */,
				089C165CFE840E0CC02AAC07 /* InfoPlist.strings */,
				1DDD58140DA1D0A300B32029 /* MainMenu.xib */,
			);
			name = Resources;
			sourceTree = "<group>";
		};
		29B97323FDCFA39411CA2CEA /* Frameworks and Libraries */ = {
			isa = PBXGroup;
			children = (
				1058C7A0FEA54F0111CA2CBB /* Apple */,
				1058C7A2FEA54F0111CA2CBB /* Third-party */,
			);
			name = "Frameworks and Libraries";
			sourceTree = "<group>";
		};
/* End PBXGroup section */

/* Begin PBXNativeTarget section */
		8D1107260486CEB800E47090 /* OpenSkyscraper */ = {
			isa = PBXNativeTarget;
			buildConfigurationList = C01FCF4A08A954540054247B /* Build configuration list for PBXNativeTarget "OpenSkyscraper" */;
			buildPhases = (
				8D1107290486CEB800E47090 /* Resources */,
				8D11072C0486CEB800E47090 /* Sources */,
				8D11072E0486CEB800E47090 /* Frameworks */,
				1FC9ABED12CA71FC003D1D2A /* Copy Frameworks */,
			);
			buildRules = (
			);
			dependencies = (
			);
			name = OpenSkyscraper;
			productInstallPath = "$(HOME)/Applications";
			productName = OpenSkyscraper;
			productReference = 8D1107320486CEB800E47090 /* OpenSkyscraper.app */;
			productType = "com.apple.product-type.application";
		};
/* End PBXNativeTarget section */

/* Begin PBXProject section */
		29B97313FDCFA39411CA2CEA /* Project object */ = {
			isa = PBXProject;
			buildConfigurationList = C01FCF4E08A954540054247B /* Build configuration list for PBXProject "OpenSkyscraper" */;
			compatibilityVersion = "Xcode 3.1";
			hasScannedForEncodings = 1;
			mainGroup = 29B97314FDCFA39411CA2CEA /* OpenSkyscraper */;
			projectDirPath = "";
			projectRoot = "";
			targets = (
				8D1107260486CEB800E47090 /* OpenSkyscraper */,
			);
		};
/* End PBXProject section */

/* Begin PBXResourcesBuildPhase section */
		8D1107290486CEB800E47090 /* Resources */ = {
			isa = PBXResourcesBuildPhase;
			buildActionMask = 2147483647;
			files = (
				8D11072B0486CEB800E47090 /* InfoPlist.strings in Resources */,
				1DDD58160DA1D0A300B32029 /* MainMenu.xib in Resources */,
				1F8B57BF1201F7470080E30C /* textures in Resources */,
			);
			runOnlyForDeploymentPostprocessing = 0;
		};
/* End PBXResourcesBuildPhase section */

/* Begin PBXSourcesBuildPhase section */
		8D11072C0486CEB800E47090 /* Sources */ = {
			isa = PBXSourcesBuildPhase;
			buildActionMask = 2147483647;
			files = (
				1F0D40CB11FEF48500C6D787 /* SDLMain.m in Sources */,
				1F0D40E011FEF7C900C6D787 /* main.cpp in Sources */,
				1F0D417011FEFFBE00C6D787 /* application.cpp in Sources */,
				1F0D417111FEFFBE00C6D787 /* engine.cpp in Sources */,
				1F0D418611FF00D700C6D787 /* platform.cpp in Sources */,
				1F0D419711FF0D1C00C6D787 /* openglcanvas.cpp in Sources */,
				1FD0E9F411FF5831004F4D4E /* language.cpp in Sources */,
				1FD0EA6C11FF69CE004F4D4E /* inputtask.cpp in Sources */,
				1FD0EA7511FF72AD004F4D4E /* object.cpp in Sources */,
				1FD0EAA411FF8983004F4D4E /* coreobject.cpp in Sources */,
				1FD0EAD911FF8E6A004F4D4E /* simulationtask.cpp in Sources */,
				1FD0EAE911FF8F5B004F4D4E /* rendertask.cpp in Sources */,
				1FD0EB1D11FF96FC004F4D4E /* scene.cpp in Sources */,
				1F21FCCD120020CE000A8AC3 /* loadertask.cpp in Sources */,
				1F21FCEA1200255D000A8AC3 /* texture.cpp in Sources */,
				1F21FD92120030B7000A8AC3 /* storeitem.cpp in Sources */,
				1F21FDFA12003389000A8AC3 /* openskyscraper.cpp in Sources */,
				1F21FE09120035CA000A8AC3 /* towerscene.cpp in Sources */,
				1F21FE84120044AF000A8AC3 /* tower.cpp in Sources */,
				1F21FF1512007D1F000A8AC3 /* simtower.cpp in Sources */,
				1F21FF3C12008057000A8AC3 /* platform.mm in Sources */,
				1F3824501202BBE800C1E2B0 /* sprite.cpp in Sources */,
				1F38276812032C2400C1E2B0 /* item.cpp in Sources */,
				1F38278D1203562700C1E2B0 /* lobby.cpp in Sources */,
				1FAD1B3812C8E094004E5286 /* sound.cpp in Sources */,
				1FC821C912CA1B0C00168481 /* toolboxwindow.cpp in Sources */,
				1FC821CC12CA1B6400168481 /* window.cpp in Sources */,
				1FF348F012CB993E0077DF1B /* office.cpp in Sources */,
				1FFDB2E412CBE5260054BEA3 /* simtower-names.cpp in Sources */,
				1FFC7B5B12CD53A00071EA72 /* audiotask.cpp in Sources */,
				1FFC7B5F12CD576A0071EA72 /* soundeffect.cpp in Sources */,
				1FFC7C7312CD7B630071EA72 /* controlwindow.cpp in Sources */,
				1FFC7D4912CD8C860071EA72 /* rand.cpp in Sources */,
			);
			runOnlyForDeploymentPostprocessing = 0;
		};
/* End PBXSourcesBuildPhase section */

/* Begin PBXVariantGroup section */
		089C165CFE840E0CC02AAC07 /* InfoPlist.strings */ = {
			isa = PBXVariantGroup;
			children = (
				089C165DFE840E0CC02AAC07 /* English */,
			);
			name = InfoPlist.strings;
			sourceTree = "<group>";
		};
		1DDD58140DA1D0A300B32029 /* MainMenu.xib */ = {
			isa = PBXVariantGroup;
			children = (
				1DDD58150DA1D0A300B32029 /* English */,
			);
			name = MainMenu.xib;
			sourceTree = "<group>";
		};
/* End PBXVariantGroup section */

/* Begin XCBuildConfiguration section */
		C01FCF4B08A954540054247B /* Debug */ = {
			isa = XCBuildConfiguration;
			buildSettings = {
				ALWAYS_SEARCH_USER_PATHS = NO;
				COPY_PHASE_STRIP = NO;
				FRAMEWORK_SEARCH_PATHS = (
					"$(inherited)",
					"\"$(SRCROOT)\"",
				);
				GCC_DYNAMIC_NO_PIC = NO;
				GCC_ENABLE_FIX_AND_CONTINUE = YES;
				GCC_MODEL_TUNING = G5;
				GCC_OPTIMIZATION_LEVEL = 0;
				GCC_PRECOMPILE_PREFIX_HEADER = YES;
				GCC_PREFIX_HEADER = OpenSkyscraper_Prefix.pch;
				HEADER_SEARCH_PATHS = /usr/local/include;
				INFOPLIST_FILE = "OpenSkyscraper-Info.plist";
				INSTALL_PATH = "$(HOME)/Applications";
				OTHER_CFLAGS = "";
				PRODUCT_NAME = OpenSkyscraper;
			};
			name = Debug;
		};
		C01FCF4C08A954540054247B /* Release */ = {
			isa = XCBuildConfiguration;
			buildSettings = {
				ALWAYS_SEARCH_USER_PATHS = NO;
				DEBUG_INFORMATION_FORMAT = "dwarf-with-dsym";
				FRAMEWORK_SEARCH_PATHS = (
					"$(inherited)",
					"\"$(SRCROOT)\"",
				);
				GCC_MODEL_TUNING = G5;
				GCC_PRECOMPILE_PREFIX_HEADER = YES;
				GCC_PREFIX_HEADER = OpenSkyscraper_Prefix.pch;
				HEADER_SEARCH_PATHS = /usr/local/include;
				INFOPLIST_FILE = "OpenSkyscraper-Info.plist";
				INSTALL_PATH = "$(HOME)/Applications";
				OTHER_CFLAGS = "";
				PRODUCT_NAME = OpenSkyscraper;
			};
			name = Release;
		};
		C01FCF4F08A954540054247B /* Debug */ = {
			isa = XCBuildConfiguration;
			buildSettings = {
				ARCHS = "$(ARCHS_STANDARD_32_64_BIT)";
				GCC_OPTIMIZATION_LEVEL = 0;
				GCC_WARN_ABOUT_RETURN_TYPE = YES;
				GCC_WARN_UNUSED_VARIABLE = YES;
				ONLY_ACTIVE_ARCH = YES;
				PREBINDING = NO;
				SDKROOT = macosx10.5;
			};
			name = Debug;
		};
		C01FCF5008A954540054247B /* Release */ = {
			isa = XCBuildConfiguration;
			buildSettings = {
				ARCHS = "$(ARCHS_STANDARD_32_64_BIT)";
				GCC_WARN_ABOUT_RETURN_TYPE = YES;
				GCC_WARN_UNUSED_VARIABLE = YES;
				PREBINDING = NO;
				SDKROOT = macosx10.5;
			};
			name = Release;
		};
/* End XCBuildConfiguration section */

/* Begin XCConfigurationList section */
		C01FCF4A08A954540054247B /* Build configuration list for PBXNativeTarget "OpenSkyscraper" */ = {
			isa = XCConfigurationList;
			buildConfigurations = (
				C01FCF4B08A954540054247B /* Debug */,
				C01FCF4C08A954540054247B /* Release */,
			);
			defaultConfigurationIsVisible = 0;
			defaultConfigurationName = Release;
		};
		C01FCF4E08A954540054247B /* Build configuration list for PBXProject "OpenSkyscraper" */ = {
			isa = XCConfigurationList;
			buildConfigurations = (
				C01FCF4F08A954540054247B /* Debug */,
				C01FCF5008A954540054247B /* Release */,
			);
			defaultConfigurationIsVisible = 0;
			defaultConfigurationName = Release;
		};
/* End XCConfigurationList section */
	};
	rootObject = 29B97313FDCFA39411CA2CEA /* Project object */;
}
