// !$*UTF8*$!
{
	archiveVersion = 1;
	classes = {
	};
	objectVersion = 45;
	objects = {

/* Begin PBXBuildFile section */
		1DDD58160DA1D0A300B32029 /* MainMenu.xib in Resources */ = {isa = PBXBuildFile; fileRef = 1DDD58140DA1D0A300B32029 /* MainMenu.xib */; };
		1F0247AE12CE00CD0023455F /* libfreetype.a in Frameworks */ = {isa = PBXBuildFile; fileRef = 1F0247AD12CE00CD0023455F /* libfreetype.a */; };
		1F0D409111FEF2EB00C6D787 /* SDL.framework in Frameworks */ = {isa = PBXBuildFile; fileRef = 1F0D409011FEF2EB00C6D787 /* SDL.framework */; };
		1F0D40CB11FEF48500C6D787 /* SDLMain.m in Sources */ = {isa = PBXBuildFile; fileRef = 1F0D40CA11FEF48500C6D787 /* SDLMain.m */; };
		1F0D40E011FEF7C900C6D787 /* main.cpp in Sources */ = {isa = PBXBuildFile; fileRef = 1F0D40DF11FEF7C900C6D787 /* main.cpp */; };
		1F0E741012D764D200C311CC /* responder.cpp in Sources */ = {isa = PBXBuildFile; fileRef = 1F0E740F12D764D200C311CC /* responder.cpp */; };
		1F0E745012D76FAE00C311CC /* responder.cpp in Sources */ = {isa = PBXBuildFile; fileRef = 1F0E744F12D76FAE00C311CC /* responder.cpp */; };
		1F0E747212D7768A00C311CC /* object.cpp in Sources */ = {isa = PBXBuildFile; fileRef = 1F0E747112D7768A00C311CC /* object.cpp */; };
		1F0E751812D7A50900C311CC /* application.cpp in Sources */ = {isa = PBXBuildFile; fileRef = 1F0E751712D7A50900C311CC /* application.cpp */; };
		1F0E756212D7C9D400C311CC /* engine.cpp in Sources */ = {isa = PBXBuildFile; fileRef = 1F0E756112D7C9D400C311CC /* engine.cpp */; };
		1F0E75DB12D7E07F00C311CC /* application.cpp in Sources */ = {isa = PBXBuildFile; fileRef = 1F0E75DA12D7E07F00C311CC /* application.cpp */; };
		1F0E763612D7EC0A00C311CC /* eventpump.cpp in Sources */ = {isa = PBXBuildFile; fileRef = 1F0E763512D7EC0A00C311CC /* eventpump.cpp */; };
		1F0E76CC12D7F91200C311CC /* cruisecontrol.cpp in Sources */ = {isa = PBXBuildFile; fileRef = 1F0E76CB12D7F91200C311CC /* cruisecontrol.cpp */; };
		1F1A1EA912DC035F008F69A4 /* structure.cpp in Sources */ = {isa = PBXBuildFile; fileRef = 1F1A1EA812DC035F008F69A4 /* structure.cpp */; };
		1F21340F12DB62DE00C8CF1D /* time.cpp in Sources */ = {isa = PBXBuildFile; fileRef = 1F21340E12DB62DE00C8CF1D /* time.cpp */; };
		1F21341512DB647A00C8CF1D /* environment.cpp in Sources */ = {isa = PBXBuildFile; fileRef = 1F21341412DB647A00C8CF1D /* environment.cpp */; };
		1F21341912DB677D00C8CF1D /* funds.cpp in Sources */ = {isa = PBXBuildFile; fileRef = 1F21341812DB677D00C8CF1D /* funds.cpp */; };
		1F30481612DAA69C0079C29D /* simtower-names.cpp in Sources */ = {isa = PBXBuildFile; fileRef = 1F30481312DAA69C0079C29D /* simtower-names.cpp */; };
		1F30481712DAA69C0079C29D /* simtower.cpp in Sources */ = {isa = PBXBuildFile; fileRef = 1F30481412DAA69C0079C29D /* simtower.cpp */; };
		1F3048C212DAAC520079C29D /* clamp.cpp in Sources */ = {isa = PBXBuildFile; fileRef = 1F3048C112DAAC520079C29D /* clamp.cpp */; };
		1F8B57BF1201F7470080E30C /* textures in Resources */ = {isa = PBXBuildFile; fileRef = 1F8B57BD1201F7470080E30C /* textures */; };
		1F8BBC9F12CAA4D700892C16 /* libIL.a in Frameworks */ = {isa = PBXBuildFile; fileRef = 1F8BBC9E12CAA4D700892C16 /* libIL.a */; };
		1F8BBCA112CAA4D700892C16 /* libpng.a in Frameworks */ = {isa = PBXBuildFile; fileRef = 1F8BBCA012CAA4D700892C16 /* libpng.a */; };
		1F96D15212D7457E00F6398A /* managedmemory.cpp in Sources */ = {isa = PBXBuildFile; fileRef = 1F96D15112D7457E00F6398A /* managedmemory.cpp */; };
		1F96D16D12D7498100F6398A /* autoreleasequeue.cpp in Sources */ = {isa = PBXBuildFile; fileRef = 1F96D16C12D7498100F6398A /* autoreleasequeue.cpp */; };
		1F96D26812D811C700F6398A /* responder.cpp in Sources */ = {isa = PBXBuildFile; fileRef = 1F96D26712D811C700F6398A /* responder.cpp */; };
		1F96D2C212D8164200F6398A /* scene.cpp in Sources */ = {isa = PBXBuildFile; fileRef = 1F96D2C112D8164200F6398A /* scene.cpp */; };
		1F96D34212D8218D00F6398A /* audio.cpp in Sources */ = {isa = PBXBuildFile; fileRef = 1F96D34012D8218D00F6398A /* audio.cpp */; };
		1F96D34912D821A700F6398A /* video.cpp in Sources */ = {isa = PBXBuildFile; fileRef = 1F96D34712D821A700F6398A /* video.cpp */; };
		1F96D35912D8222500F6398A /* soundeffect.cpp in Sources */ = {isa = PBXBuildFile; fileRef = 1F96D35712D8222500F6398A /* soundeffect.cpp */; };
		1FAD1B8412C8E362004E5286 /* OpenAL.framework in Frameworks */ = {isa = PBXBuildFile; fileRef = 1FAD1B8312C8E362004E5286 /* OpenAL.framework */; };
		1FD010C211FA3E330062C093 /* OpenGL.framework in Frameworks */ = {isa = PBXBuildFile; fileRef = 1FD010C111FA3E330062C093 /* OpenGL.framework */; };
		1FDB5E0312DA73F90096E94F /* texturedquad.cpp in Sources */ = {isa = PBXBuildFile; fileRef = 1FDB5E0212DA73F90096E94F /* texturedquad.cpp */; };
		1FDB5E0712DA786B0096E94F /* interpolatedtexturequad.cpp in Sources */ = {isa = PBXBuildFile; fileRef = 1FDB5E0612DA786B0096E94F /* interpolatedtexturequad.cpp */; };
		1FDB5E1712DA7F0E0096E94F /* sound.cpp in Sources */ = {isa = PBXBuildFile; fileRef = 1FDB5E1012DA7F0E0096E94F /* sound.cpp */; };
		1FDB5E1912DA7F0E0096E94F /* texture.cpp in Sources */ = {isa = PBXBuildFile; fileRef = 1FDB5E1512DA7F0E0096E94F /* texture.cpp */; };
		1FF3D8B312DCEC6B00BC33C8 /* game.cpp in Sources */ = {isa = PBXBuildFile; fileRef = 1FF3D8B112DCEC6B00BC33C8 /* game.cpp */; };
		1FF3D8E812DCED9300BC33C8 /* view.cpp in Sources */ = {isa = PBXBuildFile; fileRef = 1FF3D8E712DCED9300BC33C8 /* view.cpp */; };
		1FF3D94312DCFBC100BC33C8 /* window.cpp in Sources */ = {isa = PBXBuildFile; fileRef = 1FF3D94212DCFBC100BC33C8 /* window.cpp */; };
		1FF3DA0612DD118B00BC33C8 /* application.mm in Sources */ = {isa = PBXBuildFile; fileRef = 1FF3DA0512DD118B00BC33C8 /* application.mm */; };
		1FFC7D4912CD8C860071EA72 /* rand.cpp in Sources */ = {isa = PBXBuildFile; fileRef = 1FFC7D4812CD8C860071EA72 /* rand.cpp */; };
		1FFFCBCA11FCD629005D8446 /* libz.dylib in Frameworks */ = {isa = PBXBuildFile; fileRef = 1FFFCBC911FCD629005D8446 /* libz.dylib */; };
		1FFFF9E312D8854200FC72B7 /* sprite.cpp in Sources */ = {isa = PBXBuildFile; fileRef = 1FFFF9E112D8854200FC72B7 /* sprite.cpp */; };
		1FFFFA6212D88F2000FC72B7 /* application.cpp in Sources */ = {isa = PBXBuildFile; fileRef = 1FFFFA6012D88F2000FC72B7 /* application.cpp */; };
		1FFFFAD412D8938700FC72B7 /* facility.cpp in Sources */ = {isa = PBXBuildFile; fileRef = 1FFFFA9012D8938700FC72B7 /* facility.cpp */; };
		1FFFFAD512D8938700FC72B7 /* doubleroom.cpp in Sources */ = {isa = PBXBuildFile; fileRef = 1FFFFA9312D8938700FC72B7 /* doubleroom.cpp */; };
		1FFFFAD612D8938700FC72B7 /* hotel.cpp in Sources */ = {isa = PBXBuildFile; fileRef = 1FFFFA9512D8938700FC72B7 /* hotel.cpp */; };
		1FFFFAD712D8938700FC72B7 /* housekeeping.cpp in Sources */ = {isa = PBXBuildFile; fileRef = 1FFFFA9712D8938700FC72B7 /* housekeeping.cpp */; };
		1FFFFAD812D8938700FC72B7 /* singleroom.cpp in Sources */ = {isa = PBXBuildFile; fileRef = 1FFFFA9912D8938700FC72B7 /* singleroom.cpp */; };
		1FFFFAD912D8938700FC72B7 /* suite.cpp in Sources */ = {isa = PBXBuildFile; fileRef = 1FFFFA9B12D8938700FC72B7 /* suite.cpp */; };
		1FFFFADA12D8938700FC72B7 /* occupiable.cpp in Sources */ = {isa = PBXBuildFile; fileRef = 1FFFFA9D12D8938700FC72B7 /* occupiable.cpp */; };
		1FFFFADB12D8938700FC72B7 /* office.cpp in Sources */ = {isa = PBXBuildFile; fileRef = 1FFFFAA012D8938700FC72B7 /* office.cpp */; };
		1FFFFADC12D8938700FC72B7 /* lobby.cpp in Sources */ = {isa = PBXBuildFile; fileRef = 1FFFFAA312D8938700FC72B7 /* lobby.cpp */; };
		1FFFFADD12D8938700FC72B7 /* item.cpp in Sources */ = {isa = PBXBuildFile; fileRef = 1FFFFAA512D8938700FC72B7 /* item.cpp */; };
		1FFFFADE12D8938700FC72B7 /* elevator.cpp in Sources */ = {isa = PBXBuildFile; fileRef = 1FFFFAA912D8938700FC72B7 /* elevator.cpp */; };
		1FFFFADF12D8938700FC72B7 /* elevatorbackground.cpp in Sources */ = {isa = PBXBuildFile; fileRef = 1FFFFAAB12D8938700FC72B7 /* elevatorbackground.cpp */; };
		1FFFFAE012D8938700FC72B7 /* standardelevator.cpp in Sources */ = {isa = PBXBuildFile; fileRef = 1FFFFAAD12D8938700FC72B7 /* standardelevator.cpp */; };
		1FFFFAE112D8938700FC72B7 /* escalator.cpp in Sources */ = {isa = PBXBuildFile; fileRef = 1FFFFAB012D8938700FC72B7 /* escalator.cpp */; };
		1FFFFAE212D8938700FC72B7 /* stairs.cpp in Sources */ = {isa = PBXBuildFile; fileRef = 1FFFFAB212D8938700FC72B7 /* stairs.cpp */; };
		1FFFFAE312D8938700FC72B7 /* stairslike.cpp in Sources */ = {isa = PBXBuildFile; fileRef = 1FFFFAB412D8938700FC72B7 /* stairslike.cpp */; };
		1FFFFAE412D8938700FC72B7 /* transport.cpp in Sources */ = {isa = PBXBuildFile; fileRef = 1FFFFAB612D8938700FC72B7 /* transport.cpp */; };
		1FFFFAE512D8938700FC72B7 /* person.cpp in Sources */ = {isa = PBXBuildFile; fileRef = 1FFFFAB912D8938700FC72B7 /* person.cpp */; };
		1FFFFAE612D8938700FC72B7 /* scheduledperson.cpp in Sources */ = {isa = PBXBuildFile; fileRef = 1FFFFABB12D8938700FC72B7 /* scheduledperson.cpp */; };
		1FFFFAE712D8938700FC72B7 /* timedperson.cpp in Sources */ = {isa = PBXBuildFile; fileRef = 1FFFFABD12D8938700FC72B7 /* timedperson.cpp */; };
		1FFFFAE812D8938700FC72B7 /* hotelguest.cpp in Sources */ = {isa = PBXBuildFile; fileRef = 1FFFFAC012D8938700FC72B7 /* hotelguest.cpp */; };
		1FFFFAE912D8938700FC72B7 /* janitor.cpp in Sources */ = {isa = PBXBuildFile; fileRef = 1FFFFAC212D8938700FC72B7 /* janitor.cpp */; };
		1FFFFAEA12D8938700FC72B7 /* responder.cpp in Sources */ = {isa = PBXBuildFile; fileRef = 1FFFFAC412D8938700FC72B7 /* responder.cpp */; };
		1FFFFAEC12D8938700FC72B7 /* game.cpp in Sources */ = {isa = PBXBuildFile; fileRef = 1FFFFAC912D8938700FC72B7 /* game.cpp */; };
		1FFFFAEF12D8938700FC72B7 /* tower.cpp in Sources */ = {isa = PBXBuildFile; fileRef = 1FFFFACF12D8938700FC72B7 /* tower.cpp */; };
		1FFFFAFF12D8956100FC72B7 /* route.cpp in Sources */ = {isa = PBXBuildFile; fileRef = 1FFFFAFD12D8956000FC72B7 /* route.cpp */; };
		1FFFFB8E12D8B65900FC72B7 /* background.cpp in Sources */ = {isa = PBXBuildFile; fileRef = 1FFFFB8D12D8B65900FC72B7 /* background.cpp */; };
		8D11072B0486CEB800E47090 /* InfoPlist.strings in Resources */ = {isa = PBXBuildFile; fileRef = 089C165CFE840E0CC02AAC07 /* InfoPlist.strings */; };
		8D11072F0486CEB800E47090 /* Cocoa.framework in Frameworks */ = {isa = PBXBuildFile; fileRef = 1058C7A1FEA54F0111CA2CBB /* Cocoa.framework */; };
/* End PBXBuildFile section */

/* Begin PBXCopyFilesBuildPhase section */
		1FC9ABED12CA71FC003D1D2A /* Copy Frameworks */ = {
			isa = PBXCopyFilesBuildPhase;
			buildActionMask = 2147483647;
			dstPath = "";
			dstSubfolderSpec = 10;
			files = (
			);
			name = "Copy Frameworks";
			runOnlyForDeploymentPostprocessing = 0;
		};
/* End PBXCopyFilesBuildPhase section */

/* Begin PBXFileReference section */
		089C165DFE840E0CC02AAC07 /* English */ = {isa = PBXFileReference; fileEncoding = 4; lastKnownFileType = text.plist.strings; name = English; path = English.lproj/InfoPlist.strings; sourceTree = "<group>"; };
		1058C7A1FEA54F0111CA2CBB /* Cocoa.framework */ = {isa = PBXFileReference; lastKnownFileType = wrapper.framework; name = Cocoa.framework; path = /System/Library/Frameworks/Cocoa.framework; sourceTree = "<absolute>"; };
		13E42FB307B3F0F600E4EEF1 /* CoreData.framework */ = {isa = PBXFileReference; lastKnownFileType = wrapper.framework; name = CoreData.framework; path = /System/Library/Frameworks/CoreData.framework; sourceTree = "<absolute>"; };
		1DDD58150DA1D0A300B32029 /* English */ = {isa = PBXFileReference; lastKnownFileType = file.xib; name = English; path = English.lproj/MainMenu.xib; sourceTree = "<group>"; };
		1F0247AD12CE00CD0023455F /* libfreetype.a */ = {isa = PBXFileReference; lastKnownFileType = archive.ar; name = libfreetype.a; path = /usr/local/lib/libfreetype.a; sourceTree = "<absolute>"; };
		1F0D409011FEF2EB00C6D787 /* SDL.framework */ = {isa = PBXFileReference; lastKnownFileType = wrapper.framework; name = SDL.framework; path = Library/Frameworks/SDL.framework; sourceTree = SDKROOT; };
		1F0D40C911FEF48500C6D787 /* SDLMain.h */ = {isa = PBXFileReference; fileEncoding = 4; lastKnownFileType = sourcecode.c.h; path = SDLMain.h; sourceTree = "<group>"; };
		1F0D40CA11FEF48500C6D787 /* SDLMain.m */ = {isa = PBXFileReference; fileEncoding = 4; lastKnownFileType = sourcecode.c.objc; path = SDLMain.m; sourceTree = "<group>"; };
		1F0D40DF11FEF7C900C6D787 /* main.cpp */ = {isa = PBXFileReference; fileEncoding = 4; lastKnownFileType = sourcecode.cpp.cpp; path = main.cpp; sourceTree = "<group>"; };
		1F0D411511FEF95A00C6D787 /* pointer.h */ = {isa = PBXFileReference; fileEncoding = 4; lastKnownFileType = sourcecode.c.h; path = pointer.h; sourceTree = "<group>"; };
		1F0D411611FEF95A00C6D787 /* singleton.h */ = {isa = PBXFileReference; fileEncoding = 4; lastKnownFileType = sourcecode.c.h; path = singleton.h; sourceTree = "<group>"; };
		1F0D412711FEFA1D00C6D787 /* macros.h */ = {isa = PBXFileReference; fileEncoding = 4; lastKnownFileType = sourcecode.c.h; path = macros.h; sourceTree = "<group>"; };
		1F0D41A311FF0DF000C6D787 /* rect.h */ = {isa = PBXFileReference; fileEncoding = 4; lastKnownFileType = sourcecode.c.h; path = rect.h; sourceTree = "<group>"; };
		1F0D41A411FF0DF000C6D787 /* vector2D.h */ = {isa = PBXFileReference; fileEncoding = 4; lastKnownFileType = sourcecode.c.h; path = vector2D.h; sourceTree = "<group>"; };
		1F0D41AB11FF0E5F00C6D787 /* headers.h */ = {isa = PBXFileReference; fileEncoding = 4; lastKnownFileType = sourcecode.c.h; path = headers.h; sourceTree = "<group>"; };
		1F0E73E712D7334700C311CC /* responder.h */ = {isa = PBXFileReference; fileEncoding = 4; lastKnownFileType = sourcecode.c.h; path = responder.h; sourceTree = "<group>"; };
		1F0E73EE12D73A5A00C311CC /* autoreleasequeue.h */ = {isa = PBXFileReference; fileEncoding = 4; lastKnownFileType = sourcecode.c.h; path = autoreleasequeue.h; sourceTree = "<group>"; };
		1F0E740F12D764D200C311CC /* responder.cpp */ = {isa = PBXFileReference; fileEncoding = 4; lastKnownFileType = sourcecode.cpp.cpp; path = responder.cpp; sourceTree = "<group>"; };
		1F0E741B12D7674500C311CC /* event.h */ = {isa = PBXFileReference; fileEncoding = 4; lastKnownFileType = sourcecode.c.h; path = event.h; sourceTree = "<group>"; };
		1F0E744412D76ED600C311CC /* event.h */ = {isa = PBXFileReference; fileEncoding = 4; lastKnownFileType = sourcecode.c.h; path = event.h; sourceTree = "<group>"; };
		1F0E744E12D76FAE00C311CC /* responder.h */ = {isa = PBXFileReference; fileEncoding = 4; lastKnownFileType = sourcecode.c.h; path = responder.h; sourceTree = "<group>"; };
		1F0E744F12D76FAE00C311CC /* responder.cpp */ = {isa = PBXFileReference; fileEncoding = 4; lastKnownFileType = sourcecode.cpp.cpp; path = responder.cpp; sourceTree = "<group>"; };
		1F0E746F12D7763500C311CC /* object.h */ = {isa = PBXFileReference; fileEncoding = 4; lastKnownFileType = sourcecode.c.h; path = object.h; sourceTree = "<group>"; };
		1F0E747112D7768A00C311CC /* object.cpp */ = {isa = PBXFileReference; fileEncoding = 4; lastKnownFileType = sourcecode.cpp.cpp; path = object.cpp; sourceTree = "<group>"; };
		1F0E749C12D778DA00C311CC /* mouse.h */ = {isa = PBXFileReference; fileEncoding = 4; lastKnownFileType = sourcecode.c.h; path = mouse.h; sourceTree = "<group>"; };
		1F0E749F12D779FE00C311CC /* mousebutton.h */ = {isa = PBXFileReference; fileEncoding = 4; lastKnownFileType = sourcecode.c.h; path = mousebutton.h; sourceTree = "<group>"; };
		1F0E74AE12D77BF500C311CC /* mousemoved.h */ = {isa = PBXFileReference; fileEncoding = 4; lastKnownFileType = sourcecode.c.h; path = mousemoved.h; sourceTree = "<group>"; };
		1F0E74C012D7959C00C311CC /* mousedragged.h */ = {isa = PBXFileReference; fileEncoding = 4; lastKnownFileType = sourcecode.c.h; path = mousedragged.h; sourceTree = "<group>"; };
		1F0E74D512D7973600C311CC /* scrollwheel.h */ = {isa = PBXFileReference; fileEncoding = 4; lastKnownFileType = sourcecode.c.h; path = scrollwheel.h; sourceTree = "<group>"; };
		1F0E74D812D7986200C311CC /* key.h */ = {isa = PBXFileReference; fileEncoding = 4; lastKnownFileType = sourcecode.c.h; path = key.h; sourceTree = "<group>"; };
		1F0E751212D7A04500C311CC /* application.h */ = {isa = PBXFileReference; fileEncoding = 4; lastKnownFileType = sourcecode.c.h; path = application.h; sourceTree = "<group>"; };
		1F0E751512D7A2F400C311CC /* eventpump.h */ = {isa = PBXFileReference; fileEncoding = 4; lastKnownFileType = sourcecode.c.h; path = eventpump.h; sourceTree = "<group>"; };
		1F0E751712D7A50900C311CC /* application.cpp */ = {isa = PBXFileReference; fileEncoding = 4; lastKnownFileType = sourcecode.cpp.cpp; path = application.cpp; sourceTree = "<group>"; };
		1F0E752B12D7BE8D00C311CC /* invocation.h */ = {isa = PBXFileReference; fileEncoding = 4; lastKnownFileType = sourcecode.c.h; path = invocation.h; sourceTree = "<group>"; };
		1F0E756012D7C9D400C311CC /* engine.h */ = {isa = PBXFileReference; fileEncoding = 4; lastKnownFileType = sourcecode.c.h; path = engine.h; sourceTree = "<group>"; };
		1F0E756112D7C9D400C311CC /* engine.cpp */ = {isa = PBXFileReference; fileEncoding = 4; lastKnownFileType = sourcecode.cpp.cpp; path = engine.cpp; sourceTree = "<group>"; };
		1F0E757312D7D0F400C311CC /* updatable.h */ = {isa = PBXFileReference; fileEncoding = 4; lastKnownFileType = sourcecode.c.h; path = updatable.h; sourceTree = "<group>"; };
		1F0E757412D7D1A700C311CC /* object.h */ = {isa = PBXFileReference; fileEncoding = 4; lastKnownFileType = sourcecode.c.h; path = object.h; sourceTree = "<group>"; };
		1F0E75D912D7E07F00C311CC /* application.h */ = {isa = PBXFileReference; fileEncoding = 4; lastKnownFileType = sourcecode.c.h; path = application.h; sourceTree = "<group>"; };
		1F0E75DA12D7E07F00C311CC /* application.cpp */ = {isa = PBXFileReference; fileEncoding = 4; lastKnownFileType = sourcecode.cpp.cpp; path = application.cpp; sourceTree = "<group>"; };
		1F0E763412D7EC0A00C311CC /* eventpump.h */ = {isa = PBXFileReference; fileEncoding = 4; lastKnownFileType = sourcecode.c.h; path = eventpump.h; sourceTree = "<group>"; };
		1F0E763512D7EC0A00C311CC /* eventpump.cpp */ = {isa = PBXFileReference; fileEncoding = 4; lastKnownFileType = sourcecode.cpp.cpp; path = eventpump.cpp; sourceTree = "<group>"; };
		1F0E76CA12D7F91200C311CC /* cruisecontrol.h */ = {isa = PBXFileReference; fileEncoding = 4; lastKnownFileType = sourcecode.c.h; path = cruisecontrol.h; sourceTree = "<group>"; };
		1F0E76CB12D7F91200C311CC /* cruisecontrol.cpp */ = {isa = PBXFileReference; fileEncoding = 4; lastKnownFileType = sourcecode.cpp.cpp; path = cruisecontrol.cpp; sourceTree = "<group>"; };
		1F10A92012D6C0C000A2FF19 /* view.h */ = {isa = PBXFileReference; fileEncoding = 4; lastKnownFileType = sourcecode.c.h; path = view.h; sourceTree = "<group>"; };
		1F1A1EA712DC035F008F69A4 /* structure.h */ = {isa = PBXFileReference; fileEncoding = 4; lastKnownFileType = sourcecode.c.h; path = structure.h; sourceTree = "<group>"; };
		1F1A1EA812DC035F008F69A4 /* structure.cpp */ = {isa = PBXFileReference; fileEncoding = 4; lastKnownFileType = sourcecode.cpp.cpp; path = structure.cpp; sourceTree = "<group>"; };
		1F21340D12DB62DE00C8CF1D /* time.h */ = {isa = PBXFileReference; fileEncoding = 4; lastKnownFileType = sourcecode.c.h; path = time.h; sourceTree = "<group>"; };
		1F21340E12DB62DE00C8CF1D /* time.cpp */ = {isa = PBXFileReference; fileEncoding = 4; lastKnownFileType = sourcecode.cpp.cpp; path = time.cpp; sourceTree = "<group>"; };
		1F21341312DB647A00C8CF1D /* environment.h */ = {isa = PBXFileReference; fileEncoding = 4; lastKnownFileType = sourcecode.c.h; path = environment.h; sourceTree = "<group>"; };
		1F21341412DB647A00C8CF1D /* environment.cpp */ = {isa = PBXFileReference; fileEncoding = 4; lastKnownFileType = sourcecode.cpp.cpp; path = environment.cpp; sourceTree = "<group>"; };
		1F21341712DB677D00C8CF1D /* funds.h */ = {isa = PBXFileReference; fileEncoding = 4; lastKnownFileType = sourcecode.c.h; path = funds.h; sourceTree = "<group>"; };
		1F21341812DB677D00C8CF1D /* funds.cpp */ = {isa = PBXFileReference; fileEncoding = 4; lastKnownFileType = sourcecode.cpp.cpp; path = funds.cpp; sourceTree = "<group>"; };
		1F30481312DAA69C0079C29D /* simtower-names.cpp */ = {isa = PBXFileReference; fileEncoding = 4; lastKnownFileType = sourcecode.cpp.cpp; path = "simtower-names.cpp"; sourceTree = "<group>"; };
		1F30481412DAA69C0079C29D /* simtower.cpp */ = {isa = PBXFileReference; fileEncoding = 4; lastKnownFileType = sourcecode.cpp.cpp; path = simtower.cpp; sourceTree = "<group>"; };
		1F30481512DAA69C0079C29D /* simtower.h */ = {isa = PBXFileReference; fileEncoding = 4; lastKnownFileType = sourcecode.c.h; path = simtower.h; sourceTree = "<group>"; };
		1F30483C12DAA7D70079C29D /* facilities.h */ = {isa = PBXFileReference; fileEncoding = 4; lastKnownFileType = sourcecode.c.h; path = facilities.h; sourceTree = "<group>"; };
		1F30483D12DAA7FF0079C29D /* transports.h */ = {isa = PBXFileReference; fileEncoding = 4; lastKnownFileType = sourcecode.c.h; path = transports.h; sourceTree = "<group>"; };
		1F30483F12DAA8280079C29D /* items.h */ = {isa = PBXFileReference; fileEncoding = 4; lastKnownFileType = sourcecode.c.h; path = items.h; sourceTree = "<group>"; };
		1F3048C112DAAC520079C29D /* clamp.cpp */ = {isa = PBXFileReference; fileEncoding = 4; lastKnownFileType = sourcecode.cpp.cpp; path = clamp.cpp; sourceTree = "<group>"; };
		1F8B57BD1201F7470080E30C /* textures */ = {isa = PBXFileReference; lastKnownFileType = folder; name = textures; path = ../../resources/textures; sourceTree = "<group>"; };
		1F8BBC9E12CAA4D700892C16 /* libIL.a */ = {isa = PBXFileReference; lastKnownFileType = archive.ar; name = libIL.a; path = /usr/local/lib/libIL.a; sourceTree = "<absolute>"; };
		1F8BBCA012CAA4D700892C16 /* libpng.a */ = {isa = PBXFileReference; lastKnownFileType = archive.ar; name = libpng.a; path = /usr/local/lib/libpng.a; sourceTree = "<absolute>"; };
		1F96D15012D7423000F6398A /* managedmemory.h */ = {isa = PBXFileReference; fileEncoding = 4; lastKnownFileType = sourcecode.c.h; path = managedmemory.h; sourceTree = "<group>"; };
		1F96D15112D7457E00F6398A /* managedmemory.cpp */ = {isa = PBXFileReference; fileEncoding = 4; lastKnownFileType = sourcecode.cpp.cpp; path = managedmemory.cpp; sourceTree = "<group>"; };
		1F96D16C12D7498100F6398A /* autoreleasequeue.cpp */ = {isa = PBXFileReference; fileEncoding = 4; lastKnownFileType = sourcecode.cpp.cpp; path = autoreleasequeue.cpp; sourceTree = "<group>"; };
		1F96D23D12D8102E00F6398A /* event.h */ = {isa = PBXFileReference; fileEncoding = 4; lastKnownFileType = sourcecode.c.h; path = event.h; sourceTree = "<group>"; };
		1F96D25A12D8111100F6398A /* audio.h */ = {isa = PBXFileReference; fileEncoding = 4; lastKnownFileType = sourcecode.c.h; path = audio.h; sourceTree = "<group>"; };
		1F96D26612D811C700F6398A /* responder.h */ = {isa = PBXFileReference; fileEncoding = 4; lastKnownFileType = sourcecode.c.h; path = responder.h; sourceTree = "<group>"; };
		1F96D26712D811C700F6398A /* responder.cpp */ = {isa = PBXFileReference; fileEncoding = 4; lastKnownFileType = sourcecode.cpp.cpp; path = responder.cpp; sourceTree = "<group>"; };
		1F96D27512D8130900F6398A /* video.h */ = {isa = PBXFileReference; fileEncoding = 4; lastKnownFileType = sourcecode.c.h; path = video.h; sourceTree = "<group>"; };
		1F96D2C012D8164200F6398A /* scene.h */ = {isa = PBXFileReference; fileEncoding = 4; lastKnownFileType = sourcecode.c.h; path = scene.h; sourceTree = "<group>"; };
		1F96D2C112D8164200F6398A /* scene.cpp */ = {isa = PBXFileReference; fileEncoding = 4; lastKnownFileType = sourcecode.cpp.cpp; path = scene.cpp; sourceTree = "<group>"; };
		1F96D2D012D8196C00F6398A /* drawable.h */ = {isa = PBXFileReference; fileEncoding = 4; lastKnownFileType = sourcecode.c.h; path = drawable.h; sourceTree = "<group>"; };
		1F96D2D412D819C600F6398A /* simulatable.h */ = {isa = PBXFileReference; fileEncoding = 4; lastKnownFileType = sourcecode.c.h; path = simulatable.h; sourceTree = "<group>"; };
		1F96D34012D8218D00F6398A /* audio.cpp */ = {isa = PBXFileReference; fileEncoding = 4; lastKnownFileType = sourcecode.cpp.cpp; path = audio.cpp; sourceTree = "<group>"; };
		1F96D34112D8218D00F6398A /* audio.h */ = {isa = PBXFileReference; fileEncoding = 4; lastKnownFileType = sourcecode.c.h; path = audio.h; sourceTree = "<group>"; };
		1F96D34712D821A700F6398A /* video.cpp */ = {isa = PBXFileReference; fileEncoding = 4; lastKnownFileType = sourcecode.cpp.cpp; path = video.cpp; sourceTree = "<group>"; };
		1F96D34812D821A700F6398A /* video.h */ = {isa = PBXFileReference; fileEncoding = 4; lastKnownFileType = sourcecode.c.h; path = video.h; sourceTree = "<group>"; };
		1F96D35712D8222500F6398A /* soundeffect.cpp */ = {isa = PBXFileReference; fileEncoding = 4; lastKnownFileType = sourcecode.cpp.cpp; path = soundeffect.cpp; sourceTree = "<group>"; };
		1F96D35812D8222500F6398A /* soundeffect.h */ = {isa = PBXFileReference; fileEncoding = 4; lastKnownFileType = sourcecode.c.h; path = soundeffect.h; sourceTree = "<group>"; };
		1FAD1B8312C8E362004E5286 /* OpenAL.framework */ = {isa = PBXFileReference; lastKnownFileType = wrapper.framework; name = OpenAL.framework; path = System/Library/Frameworks/OpenAL.framework; sourceTree = SDKROOT; };
		1FD010C111FA3E330062C093 /* OpenGL.framework */ = {isa = PBXFileReference; lastKnownFileType = wrapper.framework; name = OpenGL.framework; path = System/Library/Frameworks/OpenGL.framework; sourceTree = SDKROOT; };
		1FDB5D7612D9DEB10096E94F /* object.h */ = {isa = PBXFileReference; fileEncoding = 4; lastKnownFileType = sourcecode.c.h; path = object.h; sourceTree = "<group>"; };
		1FDB5DC512DA3AD90096E94F /* clamp.h */ = {isa = PBXFileReference; fileEncoding = 4; lastKnownFileType = sourcecode.c.h; path = clamp.h; sourceTree = "<group>"; };
		1FDB5E0112DA72010096E94F /* texturedquad.h */ = {isa = PBXFileReference; fileEncoding = 4; lastKnownFileType = sourcecode.c.h; path = texturedquad.h; sourceTree = "<group>"; };
		1FDB5E0212DA73F90096E94F /* texturedquad.cpp */ = {isa = PBXFileReference; fileEncoding = 4; lastKnownFileType = sourcecode.cpp.cpp; path = texturedquad.cpp; sourceTree = "<group>"; };
		1FDB5E0512DA786B0096E94F /* interpolatedtexturequad.h */ = {isa = PBXFileReference; fileEncoding = 4; lastKnownFileType = sourcecode.c.h; path = interpolatedtexturequad.h; sourceTree = "<group>"; };
		1FDB5E0612DA786B0096E94F /* interpolatedtexturequad.cpp */ = {isa = PBXFileReference; fileEncoding = 4; lastKnownFileType = sourcecode.cpp.cpp; path = interpolatedtexturequad.cpp; sourceTree = "<group>"; };
		1FDB5E1012DA7F0E0096E94F /* sound.cpp */ = {isa = PBXFileReference; fileEncoding = 4; lastKnownFileType = sourcecode.cpp.cpp; path = sound.cpp; sourceTree = "<group>"; };
		1FDB5E1112DA7F0E0096E94F /* sound.h */ = {isa = PBXFileReference; fileEncoding = 4; lastKnownFileType = sourcecode.c.h; path = sound.h; sourceTree = "<group>"; };
		1FDB5E1212DA7F0E0096E94F /* store.h */ = {isa = PBXFileReference; fileEncoding = 4; lastKnownFileType = sourcecode.c.h; path = store.h; sourceTree = "<group>"; };
		1FDB5E1412DA7F0E0096E94F /* storeitem.h */ = {isa = PBXFileReference; fileEncoding = 4; lastKnownFileType = sourcecode.c.h; path = storeitem.h; sourceTree = "<group>"; };
		1FDB5E1512DA7F0E0096E94F /* texture.cpp */ = {isa = PBXFileReference; fileEncoding = 4; lastKnownFileType = sourcecode.cpp.cpp; path = texture.cpp; sourceTree = "<group>"; };
		1FDB5E1612DA7F0E0096E94F /* texture.h */ = {isa = PBXFileReference; fileEncoding = 4; lastKnownFileType = sourcecode.c.h; path = texture.h; sourceTree = "<group>"; };
		1FDB5EDF12DA8D880096E94F /* currentable.h */ = {isa = PBXFileReference; fileEncoding = 4; lastKnownFileType = sourcecode.c.h; path = currentable.h; sourceTree = "<group>"; };
		1FDB5F1012DA948D0096E94F /* itemdescriptor.h */ = {isa = PBXFileReference; fileEncoding = 4; lastKnownFileType = sourcecode.c.h; path = itemdescriptor.h; sourceTree = "<group>"; };
		1FF3D8B112DCEC6B00BC33C8 /* game.cpp */ = {isa = PBXFileReference; fileEncoding = 4; lastKnownFileType = sourcecode.cpp.cpp; path = game.cpp; sourceTree = "<group>"; };
		1FF3D8B212DCEC6B00BC33C8 /* game.h */ = {isa = PBXFileReference; fileEncoding = 4; lastKnownFileType = sourcecode.c.h; path = game.h; sourceTree = "<group>"; };
		1FF3D8E212DCED2800BC33C8 /* external.h */ = {isa = PBXFileReference; fileEncoding = 4; lastKnownFileType = sourcecode.c.h; path = external.h; sourceTree = "<group>"; };
		1FF3D8E712DCED9300BC33C8 /* view.cpp */ = {isa = PBXFileReference; fileEncoding = 4; lastKnownFileType = sourcecode.cpp.cpp; path = view.cpp; sourceTree = "<group>"; };
		1FF3D94112DCFBC100BC33C8 /* window.h */ = {isa = PBXFileReference; fileEncoding = 4; lastKnownFileType = sourcecode.c.h; path = window.h; sourceTree = "<group>"; };
		1FF3D94212DCFBC100BC33C8 /* window.cpp */ = {isa = PBXFileReference; fileEncoding = 4; lastKnownFileType = sourcecode.cpp.cpp; path = window.cpp; sourceTree = "<group>"; };
		1FF3D94912DCFC1000BC33C8 /* headers.h */ = {isa = PBXFileReference; fileEncoding = 4; lastKnownFileType = sourcecode.c.h; path = headers.h; sourceTree = "<group>"; };
		1FF3DA0412DD118B00BC33C8 /* alc.h */ = {isa = PBXFileReference; fileEncoding = 4; lastKnownFileType = sourcecode.c.h; path = alc.h; sourceTree = "<group>"; };
		1FF3DA0512DD118B00BC33C8 /* application.mm */ = {isa = PBXFileReference; fileEncoding = 4; lastKnownFileType = sourcecode.cpp.objcpp; path = application.mm; sourceTree = "<group>"; };
		1FF3DA2312DD13DF00BC33C8 /* watch.h */ = {isa = PBXFileReference; fileEncoding = 4; lastKnownFileType = sourcecode.c.h; path = watch.h; sourceTree = "<group>"; };
		1FFABE4912D13BCD00D9B02C /* rectmask.h */ = {isa = PBXFileReference; fileEncoding = 4; lastKnownFileType = sourcecode.c.h; path = rectmask.h; sourceTree = "<group>"; };
		1FFC7D0212CD87130071EA72 /* rand.h */ = {isa = PBXFileReference; fileEncoding = 4; lastKnownFileType = sourcecode.c.h; path = rand.h; sourceTree = "<group>"; };
		1FFC7D4812CD8C860071EA72 /* rand.cpp */ = {isa = PBXFileReference; fileEncoding = 4; lastKnownFileType = sourcecode.cpp.cpp; path = rand.cpp; sourceTree = "<group>"; };
		1FFFCBC911FCD629005D8446 /* libz.dylib */ = {isa = PBXFileReference; lastKnownFileType = "compiled.mach-o.dylib"; name = libz.dylib; path = usr/lib/libz.dylib; sourceTree = SDKROOT; };
		1FFFF9AD12D880B400FC72B7 /* headers.h */ = {isa = PBXFileReference; fileEncoding = 4; lastKnownFileType = sourcecode.c.h; path = headers.h; sourceTree = "<group>"; };
		1FFFF9BF12D8825E00FC72B7 /* headers.h */ = {isa = PBXFileReference; fileEncoding = 4; lastKnownFileType = sourcecode.c.h; path = headers.h; sourceTree = "<group>"; };
		1FFFF9C012D8829E00FC72B7 /* headers.h */ = {isa = PBXFileReference; fileEncoding = 4; lastKnownFileType = sourcecode.c.h; path = headers.h; sourceTree = "<group>"; };
		1FFFF9C612D883A900FC72B7 /* external.h */ = {isa = PBXFileReference; fileEncoding = 4; lastKnownFileType = sourcecode.c.h; path = external.h; sourceTree = "<group>"; };
		1FFFF9E112D8854200FC72B7 /* sprite.cpp */ = {isa = PBXFileReference; fileEncoding = 4; lastKnownFileType = sourcecode.cpp.cpp; path = sprite.cpp; sourceTree = "<group>"; };
		1FFFF9E212D8854200FC72B7 /* sprite.h */ = {isa = PBXFileReference; fileEncoding = 4; lastKnownFileType = sourcecode.c.h; path = sprite.h; sourceTree = "<group>"; };
		1FFFF9EC12D885F800FC72B7 /* types.h */ = {isa = PBXFileReference; fileEncoding = 4; lastKnownFileType = sourcecode.c.h; path = types.h; sourceTree = "<group>"; };
		1FFFF9ED12D8860D00FC72B7 /* external.h */ = {isa = PBXFileReference; fileEncoding = 4; lastKnownFileType = sourcecode.c.h; path = external.h; sourceTree = "<group>"; };
		1FFFF9F412D8869300FC72B7 /* external.h */ = {isa = PBXFileReference; fileEncoding = 4; lastKnownFileType = sourcecode.c.h; path = external.h; sourceTree = "<group>"; };
		1FFFFA6012D88F2000FC72B7 /* application.cpp */ = {isa = PBXFileReference; fileEncoding = 4; lastKnownFileType = sourcecode.cpp.cpp; path = application.cpp; sourceTree = "<group>"; };
		1FFFFA6112D88F2000FC72B7 /* application.h */ = {isa = PBXFileReference; fileEncoding = 4; lastKnownFileType = sourcecode.c.h; path = application.h; sourceTree = "<group>"; };
		1FFFFA6812D88F7B00FC72B7 /* headers.h */ = {isa = PBXFileReference; fileEncoding = 4; lastKnownFileType = sourcecode.c.h; path = headers.h; sourceTree = "<group>"; };
		1FFFFA6912D88FA000FC72B7 /* external.h */ = {isa = PBXFileReference; fileEncoding = 4; lastKnownFileType = sourcecode.c.h; path = external.h; sourceTree = "<group>"; };
		1FFFFA8212D8938700FC72B7 /* event.h */ = {isa = PBXFileReference; fileEncoding = 4; lastKnownFileType = sourcecode.c.h; path = event.h; sourceTree = "<group>"; };
		1FFFFA8412D8938700FC72B7 /* item.h */ = {isa = PBXFileReference; fileEncoding = 4; lastKnownFileType = sourcecode.c.h; path = item.h; sourceTree = "<group>"; };
		1FFFFA8512D8938700FC72B7 /* external.h */ = {isa = PBXFileReference; fileEncoding = 4; lastKnownFileType = sourcecode.c.h; path = external.h; sourceTree = "<group>"; };
		1FFFFA9012D8938700FC72B7 /* facility.cpp */ = {isa = PBXFileReference; fileEncoding = 4; lastKnownFileType = sourcecode.cpp.cpp; path = facility.cpp; sourceTree = "<group>"; };
		1FFFFA9112D8938700FC72B7 /* facility.h */ = {isa = PBXFileReference; fileEncoding = 4; lastKnownFileType = sourcecode.c.h; path = facility.h; sourceTree = "<group>"; };
		1FFFFA9312D8938700FC72B7 /* doubleroom.cpp */ = {isa = PBXFileReference; fileEncoding = 4; lastKnownFileType = sourcecode.cpp.cpp; path = doubleroom.cpp; sourceTree = "<group>"; };
		1FFFFA9412D8938700FC72B7 /* doubleroom.h */ = {isa = PBXFileReference; fileEncoding = 4; lastKnownFileType = sourcecode.c.h; path = doubleroom.h; sourceTree = "<group>"; };
		1FFFFA9512D8938700FC72B7 /* hotel.cpp */ = {isa = PBXFileReference; fileEncoding = 4; lastKnownFileType = sourcecode.cpp.cpp; path = hotel.cpp; sourceTree = "<group>"; };
		1FFFFA9612D8938700FC72B7 /* hotel.h */ = {isa = PBXFileReference; fileEncoding = 4; lastKnownFileType = sourcecode.c.h; path = hotel.h; sourceTree = "<group>"; };
		1FFFFA9712D8938700FC72B7 /* housekeeping.cpp */ = {isa = PBXFileReference; fileEncoding = 4; lastKnownFileType = sourcecode.cpp.cpp; path = housekeeping.cpp; sourceTree = "<group>"; };
		1FFFFA9812D8938700FC72B7 /* housekeeping.h */ = {isa = PBXFileReference; fileEncoding = 4; lastKnownFileType = sourcecode.c.h; path = housekeeping.h; sourceTree = "<group>"; };
		1FFFFA9912D8938700FC72B7 /* singleroom.cpp */ = {isa = PBXFileReference; fileEncoding = 4; lastKnownFileType = sourcecode.cpp.cpp; path = singleroom.cpp; sourceTree = "<group>"; };
		1FFFFA9A12D8938700FC72B7 /* singleroom.h */ = {isa = PBXFileReference; fileEncoding = 4; lastKnownFileType = sourcecode.c.h; path = singleroom.h; sourceTree = "<group>"; };
		1FFFFA9B12D8938700FC72B7 /* suite.cpp */ = {isa = PBXFileReference; fileEncoding = 4; lastKnownFileType = sourcecode.cpp.cpp; path = suite.cpp; sourceTree = "<group>"; };
		1FFFFA9C12D8938700FC72B7 /* suite.h */ = {isa = PBXFileReference; fileEncoding = 4; lastKnownFileType = sourcecode.c.h; path = suite.h; sourceTree = "<group>"; };
		1FFFFA9D12D8938700FC72B7 /* occupiable.cpp */ = {isa = PBXFileReference; fileEncoding = 4; lastKnownFileType = sourcecode.cpp.cpp; path = occupiable.cpp; sourceTree = "<group>"; };
		1FFFFA9E12D8938700FC72B7 /* occupiable.h */ = {isa = PBXFileReference; fileEncoding = 4; lastKnownFileType = sourcecode.c.h; path = occupiable.h; sourceTree = "<group>"; };
		1FFFFAA012D8938700FC72B7 /* office.cpp */ = {isa = PBXFileReference; fileEncoding = 4; lastKnownFileType = sourcecode.cpp.cpp; path = office.cpp; sourceTree = "<group>"; };
		1FFFFAA112D8938700FC72B7 /* office.h */ = {isa = PBXFileReference; fileEncoding = 4; lastKnownFileType = sourcecode.c.h; path = office.h; sourceTree = "<group>"; };
		1FFFFAA312D8938700FC72B7 /* lobby.cpp */ = {isa = PBXFileReference; fileEncoding = 4; lastKnownFileType = sourcecode.cpp.cpp; path = lobby.cpp; sourceTree = "<group>"; };
		1FFFFAA412D8938700FC72B7 /* lobby.h */ = {isa = PBXFileReference; fileEncoding = 4; lastKnownFileType = sourcecode.c.h; path = lobby.h; sourceTree = "<group>"; };
		1FFFFAA512D8938700FC72B7 /* item.cpp */ = {isa = PBXFileReference; fileEncoding = 4; lastKnownFileType = sourcecode.cpp.cpp; path = item.cpp; sourceTree = "<group>"; };
		1FFFFAA612D8938700FC72B7 /* item.h */ = {isa = PBXFileReference; fileEncoding = 4; lastKnownFileType = sourcecode.c.h; path = item.h; sourceTree = "<group>"; };
		1FFFFAA912D8938700FC72B7 /* elevator.cpp */ = {isa = PBXFileReference; fileEncoding = 4; lastKnownFileType = sourcecode.cpp.cpp; path = elevator.cpp; sourceTree = "<group>"; };
		1FFFFAAA12D8938700FC72B7 /* elevator.h */ = {isa = PBXFileReference; fileEncoding = 4; lastKnownFileType = sourcecode.c.h; path = elevator.h; sourceTree = "<group>"; };
		1FFFFAAB12D8938700FC72B7 /* elevatorbackground.cpp */ = {isa = PBXFileReference; fileEncoding = 4; lastKnownFileType = sourcecode.cpp.cpp; path = elevatorbackground.cpp; sourceTree = "<group>"; };
		1FFFFAAC12D8938700FC72B7 /* elevatorbackground.h */ = {isa = PBXFileReference; fileEncoding = 4; lastKnownFileType = sourcecode.c.h; path = elevatorbackground.h; sourceTree = "<group>"; };
		1FFFFAAD12D8938700FC72B7 /* standardelevator.cpp */ = {isa = PBXFileReference; fileEncoding = 4; lastKnownFileType = sourcecode.cpp.cpp; path = standardelevator.cpp; sourceTree = "<group>"; };
		1FFFFAAE12D8938700FC72B7 /* standardelevator.h */ = {isa = PBXFileReference; fileEncoding = 4; lastKnownFileType = sourcecode.c.h; path = standardelevator.h; sourceTree = "<group>"; };
		1FFFFAB012D8938700FC72B7 /* escalator.cpp */ = {isa = PBXFileReference; fileEncoding = 4; lastKnownFileType = sourcecode.cpp.cpp; path = escalator.cpp; sourceTree = "<group>"; };
		1FFFFAB112D8938700FC72B7 /* escalator.h */ = {isa = PBXFileReference; fileEncoding = 4; lastKnownFileType = sourcecode.c.h; path = escalator.h; sourceTree = "<group>"; };
		1FFFFAB212D8938700FC72B7 /* stairs.cpp */ = {isa = PBXFileReference; fileEncoding = 4; lastKnownFileType = sourcecode.cpp.cpp; path = stairs.cpp; sourceTree = "<group>"; };
		1FFFFAB312D8938700FC72B7 /* stairs.h */ = {isa = PBXFileReference; fileEncoding = 4; lastKnownFileType = sourcecode.c.h; path = stairs.h; sourceTree = "<group>"; };
		1FFFFAB412D8938700FC72B7 /* stairslike.cpp */ = {isa = PBXFileReference; fileEncoding = 4; lastKnownFileType = sourcecode.cpp.cpp; path = stairslike.cpp; sourceTree = "<group>"; };
		1FFFFAB512D8938700FC72B7 /* stairslike.h */ = {isa = PBXFileReference; fileEncoding = 4; lastKnownFileType = sourcecode.c.h; path = stairslike.h; sourceTree = "<group>"; };
		1FFFFAB612D8938700FC72B7 /* transport.cpp */ = {isa = PBXFileReference; fileEncoding = 4; lastKnownFileType = sourcecode.cpp.cpp; path = transport.cpp; sourceTree = "<group>"; };
		1FFFFAB712D8938700FC72B7 /* transport.h */ = {isa = PBXFileReference; fileEncoding = 4; lastKnownFileType = sourcecode.c.h; path = transport.h; sourceTree = "<group>"; };
		1FFFFAB912D8938700FC72B7 /* person.cpp */ = {isa = PBXFileReference; fileEncoding = 4; lastKnownFileType = sourcecode.cpp.cpp; path = person.cpp; sourceTree = "<group>"; };
		1FFFFABA12D8938700FC72B7 /* person.h */ = {isa = PBXFileReference; fileEncoding = 4; lastKnownFileType = sourcecode.c.h; path = person.h; sourceTree = "<group>"; };
		1FFFFABB12D8938700FC72B7 /* scheduledperson.cpp */ = {isa = PBXFileReference; fileEncoding = 4; lastKnownFileType = sourcecode.cpp.cpp; path = scheduledperson.cpp; sourceTree = "<group>"; };
		1FFFFABC12D8938700FC72B7 /* scheduledperson.h */ = {isa = PBXFileReference; fileEncoding = 4; lastKnownFileType = sourcecode.c.h; path = scheduledperson.h; sourceTree = "<group>"; };
		1FFFFABD12D8938700FC72B7 /* timedperson.cpp */ = {isa = PBXFileReference; fileEncoding = 4; lastKnownFileType = sourcecode.cpp.cpp; path = timedperson.cpp; sourceTree = "<group>"; };
		1FFFFABE12D8938700FC72B7 /* timedperson.h */ = {isa = PBXFileReference; fileEncoding = 4; lastKnownFileType = sourcecode.c.h; path = timedperson.h; sourceTree = "<group>"; };
		1FFFFAC012D8938700FC72B7 /* hotelguest.cpp */ = {isa = PBXFileReference; fileEncoding = 4; lastKnownFileType = sourcecode.cpp.cpp; path = hotelguest.cpp; sourceTree = "<group>"; };
		1FFFFAC112D8938700FC72B7 /* hotelguest.h */ = {isa = PBXFileReference; fileEncoding = 4; lastKnownFileType = sourcecode.c.h; path = hotelguest.h; sourceTree = "<group>"; };
		1FFFFAC212D8938700FC72B7 /* janitor.cpp */ = {isa = PBXFileReference; fileEncoding = 4; lastKnownFileType = sourcecode.cpp.cpp; path = janitor.cpp; sourceTree = "<group>"; };
		1FFFFAC312D8938700FC72B7 /* janitor.h */ = {isa = PBXFileReference; fileEncoding = 4; lastKnownFileType = sourcecode.c.h; path = janitor.h; sourceTree = "<group>"; };
		1FFFFAC412D8938700FC72B7 /* responder.cpp */ = {isa = PBXFileReference; fileEncoding = 4; lastKnownFileType = sourcecode.cpp.cpp; path = responder.cpp; sourceTree = "<group>"; };
		1FFFFAC512D8938700FC72B7 /* responder.h */ = {isa = PBXFileReference; fileEncoding = 4; lastKnownFileType = sourcecode.c.h; path = responder.h; sourceTree = "<group>"; };
		1FFFFAC912D8938700FC72B7 /* game.cpp */ = {isa = PBXFileReference; fileEncoding = 4; lastKnownFileType = sourcecode.cpp.cpp; path = game.cpp; sourceTree = "<group>"; };
		1FFFFACA12D8938700FC72B7 /* game.h */ = {isa = PBXFileReference; fileEncoding = 4; lastKnownFileType = sourcecode.c.h; path = game.h; sourceTree = "<group>"; };
		1FFFFACF12D8938700FC72B7 /* tower.cpp */ = {isa = PBXFileReference; fileEncoding = 4; lastKnownFileType = sourcecode.cpp.cpp; path = tower.cpp; sourceTree = "<group>"; };
		1FFFFAD012D8938700FC72B7 /* tower.h */ = {isa = PBXFileReference; fileEncoding = 4; lastKnownFileType = sourcecode.c.h; path = tower.h; sourceTree = "<group>"; };
		1FFFFAFD12D8956000FC72B7 /* route.cpp */ = {isa = PBXFileReference; fileEncoding = 4; lastKnownFileType = sourcecode.cpp.cpp; path = route.cpp; sourceTree = "<group>"; };
		1FFFFAFE12D8956000FC72B7 /* route.h */ = {isa = PBXFileReference; fileEncoding = 4; lastKnownFileType = sourcecode.c.h; path = route.h; sourceTree = "<group>"; };
		1FFFFB6612D89BBC00FC72B7 /* external.h */ = {isa = PBXFileReference; fileEncoding = 4; lastKnownFileType = sourcecode.c.h; path = external.h; sourceTree = "<group>"; };
		1FFFFB8C12D8B65900FC72B7 /* background.h */ = {isa = PBXFileReference; fileEncoding = 4; lastKnownFileType = sourcecode.c.h; path = background.h; sourceTree = "<group>"; };
		1FFFFB8D12D8B65900FC72B7 /* background.cpp */ = {isa = PBXFileReference; fileEncoding = 4; lastKnownFileType = sourcecode.cpp.cpp; path = background.cpp; sourceTree = "<group>"; };
		256AC3F00F4B6AF500CF3369 /* OpenSkyscraper_Prefix.pch */ = {isa = PBXFileReference; fileEncoding = 4; lastKnownFileType = sourcecode.c.h; path = OpenSkyscraper_Prefix.pch; sourceTree = "<group>"; };
		29B97324FDCFA39411CA2CEA /* AppKit.framework */ = {isa = PBXFileReference; lastKnownFileType = wrapper.framework; name = AppKit.framework; path = /System/Library/Frameworks/AppKit.framework; sourceTree = "<absolute>"; };
		29B97325FDCFA39411CA2CEA /* Foundation.framework */ = {isa = PBXFileReference; lastKnownFileType = wrapper.framework; name = Foundation.framework; path = /System/Library/Frameworks/Foundation.framework; sourceTree = "<absolute>"; };
		8D1107310486CEB800E47090 /* OpenSkyscraper-Info.plist */ = {isa = PBXFileReference; fileEncoding = 4; lastKnownFileType = text.plist.xml; path = "OpenSkyscraper-Info.plist"; sourceTree = "<group>"; };
		8D1107320486CEB800E47090 /* OpenSkyscraper.app */ = {isa = PBXFileReference; explicitFileType = wrapper.application; includeInIndex = 0; path = OpenSkyscraper.app; sourceTree = BUILT_PRODUCTS_DIR; };
/* End PBXFileReference section */

/* Begin PBXFrameworksBuildPhase section */
		8D11072E0486CEB800E47090 /* Frameworks */ = {
			isa = PBXFrameworksBuildPhase;
			buildActionMask = 2147483647;
			files = (
				8D11072F0486CEB800E47090 /* Cocoa.framework in Frameworks */,
				1FD010C211FA3E330062C093 /* OpenGL.framework in Frameworks */,
				1FFFCBCA11FCD629005D8446 /* libz.dylib in Frameworks */,
				1F0D409111FEF2EB00C6D787 /* SDL.framework in Frameworks */,
				1FAD1B8412C8E362004E5286 /* OpenAL.framework in Frameworks */,
				1F8BBC9F12CAA4D700892C16 /* libIL.a in Frameworks */,
				1F8BBCA112CAA4D700892C16 /* libpng.a in Frameworks */,
				1F0247AE12CE00CD0023455F /* libfreetype.a in Frameworks */,
			);
			runOnlyForDeploymentPostprocessing = 0;
		};
/* End PBXFrameworksBuildPhase section */

/* Begin PBXGroup section */
		1058C7A0FEA54F0111CA2CBB /* Apple */ = {
			isa = PBXGroup;
			children = (
				29B97324FDCFA39411CA2CEA /* AppKit.framework */,
				13E42FB307B3F0F600E4EEF1 /* CoreData.framework */,
				29B97325FDCFA39411CA2CEA /* Foundation.framework */,
				1FFFCBC911FCD629005D8446 /* libz.dylib */,
				1058C7A1FEA54F0111CA2CBB /* Cocoa.framework */,
				1FD010C111FA3E330062C093 /* OpenGL.framework */,
				1FAD1B8312C8E362004E5286 /* OpenAL.framework */,
			);
			name = Apple;
			sourceTree = "<group>";
		};
		1058C7A2FEA54F0111CA2CBB /* Third-party */ = {
			isa = PBXGroup;
			children = (
				1F8BBC9E12CAA4D700892C16 /* libIL.a */,
				1F8BBCA012CAA4D700892C16 /* libpng.a */,
				1F0D409011FEF2EB00C6D787 /* SDL.framework */,
				1F0247AD12CE00CD0023455F /* libfreetype.a */,
			);
			name = "Third-party";
			sourceTree = "<group>";
		};
		19C28FACFE9D520D11CA2CBB /* Products */ = {
			isa = PBXGroup;
			children = (
				8D1107320486CEB800E47090 /* OpenSkyscraper.app */,
			);
			name = Products;
			sourceTree = "<group>";
		};
		1F0D411111FEF95A00C6D787 /* base */ = {
			isa = PBXGroup;
			children = (
				1F0E73EE12D73A5A00C311CC /* autoreleasequeue.h */,
				1F96D16C12D7498100F6398A /* autoreleasequeue.cpp */,
				1F0E741B12D7674500C311CC /* event.h */,
				1FFFF9C612D883A900FC72B7 /* external.h */,
				1FFFF9AD12D880B400FC72B7 /* headers.h */,
				1F96D15012D7423000F6398A /* managedmemory.h */,
				1F96D15112D7457E00F6398A /* managedmemory.cpp */,
				1F0E746F12D7763500C311CC /* object.h */,
				1F0E747112D7768A00C311CC /* object.cpp */,
				1F0D411511FEF95A00C6D787 /* pointer.h */,
				1F0E73E712D7334700C311CC /* responder.h */,
				1F0E740F12D764D200C311CC /* responder.cpp */,
				1F0D411611FEF95A00C6D787 /* singleton.h */,
			);
			path = base;
			sourceTree = "<group>";
		};
		1F0D41A211FF0DF000C6D787 /* math */ = {
			isa = PBXGroup;
			children = (
				1FDB5DC512DA3AD90096E94F /* clamp.h */,
				1F3048C112DAAC520079C29D /* clamp.cpp */,
				1FFFFB6612D89BBC00FC72B7 /* external.h */,
				1F0D41AB11FF0E5F00C6D787 /* headers.h */,
				1FFC7D0212CD87130071EA72 /* rand.h */,
				1FFC7D4812CD8C860071EA72 /* rand.cpp */,
				1F0D41A311FF0DF000C6D787 /* rect.h */,
				1FFABE4912D13BCD00D9B02C /* rectmask.h */,
				1F0D41A411FF0DF000C6D787 /* vector2D.h */,
			);
			path = math;
			sourceTree = "<group>";
		};
		1F0E743E12D76E8A00C311CC /* core */ = {
			isa = PBXGroup;
			children = (
				1F0E751212D7A04500C311CC /* application.h */,
				1F0E751712D7A50900C311CC /* application.cpp */,
				1FDB5EDF12DA8D880096E94F /* currentable.h */,
				1F0E744412D76ED600C311CC /* event.h */,
				1F0E751512D7A2F400C311CC /* eventpump.h */,
				1F0E749B12D778B000C311CC /* events */,
				1FFFF9F412D8869300FC72B7 /* external.h */,
				1FFFF9BF12D8825E00FC72B7 /* headers.h */,
				1F0E752B12D7BE8D00C311CC /* invocation.h */,
				1F0E757412D7D1A700C311CC /* object.h */,
				1F0E744E12D76FAE00C311CC /* responder.h */,
				1F0E744F12D76FAE00C311CC /* responder.cpp */,
				1F0E757312D7D0F400C311CC /* updatable.h */,
			);
			path = core;
			sourceTree = "<group>";
		};
		1F0E749B12D778B000C311CC /* events */ = {
			isa = PBXGroup;
			children = (
				1F0E749C12D778DA00C311CC /* mouse.h */,
				1F0E749F12D779FE00C311CC /* mousebutton.h */,
				1F0E74AE12D77BF500C311CC /* mousemoved.h */,
				1F0E74C012D7959C00C311CC /* mousedragged.h */,
				1F0E74D512D7973600C311CC /* scrollwheel.h */,
				1F0E74D812D7986200C311CC /* key.h */,
			);
			path = events;
			sourceTree = "<group>";
		};
		1F0E755D12D7C54000C311CC /* engine */ = {
			isa = PBXGroup;
			children = (
				1F0E75D912D7E07F00C311CC /* application.h */,
				1F0E75DA12D7E07F00C311CC /* application.cpp */,
				1F96D33F12D8218D00F6398A /* audio */,
				1F0E76CA12D7F91200C311CC /* cruisecontrol.h */,
				1F0E76CB12D7F91200C311CC /* cruisecontrol.cpp */,
				1F96D2D012D8196C00F6398A /* drawable.h */,
				1F0E756012D7C9D400C311CC /* engine.h */,
				1F0E756112D7C9D400C311CC /* engine.cpp */,
				1F96D23D12D8102E00F6398A /* event.h */,
				1F0E763412D7EC0A00C311CC /* eventpump.h */,
				1F0E763512D7EC0A00C311CC /* eventpump.cpp */,
				1F96D25912D810FB00F6398A /* events */,
				1FFFF9ED12D8860D00FC72B7 /* external.h */,
				1FFFF9C012D8829E00FC72B7 /* headers.h */,
				1FDB5D7612D9DEB10096E94F /* object.h */,
				1FDB5E0D12DA7A590096E94F /* resources */,
				1F96D26612D811C700F6398A /* responder.h */,
				1F96D26712D811C700F6398A /* responder.cpp */,
				1F96D2C012D8164200F6398A /* scene.h */,
				1F96D2C112D8164200F6398A /* scene.cpp */,
				1F96D2D412D819C600F6398A /* simulatable.h */,
				1FFFF9EC12D885F800FC72B7 /* types.h */,
				1F96D34612D821A700F6398A /* video */,
			);
			path = engine;
			sourceTree = "<group>";
		};
		1F10A91F12D6C05E00A2FF19 /* gui */ = {
			isa = PBXGroup;
			children = (
				1FF3D8E212DCED2800BC33C8 /* external.h */,
				1FF3D94912DCFC1000BC33C8 /* headers.h */,
				1F10A92012D6C0C000A2FF19 /* view.h */,
				1FF3D8E712DCED9300BC33C8 /* view.cpp */,
			);
			path = gui;
			sourceTree = "<group>";
		};
		1F96D25912D810FB00F6398A /* events */ = {
			isa = PBXGroup;
			children = (
				1F96D25A12D8111100F6398A /* audio.h */,
				1F96D27512D8130900F6398A /* video.h */,
			);
			path = events;
			sourceTree = "<group>";
		};
		1F96D33F12D8218D00F6398A /* audio */ = {
			isa = PBXGroup;
			children = (
				1F96D34112D8218D00F6398A /* audio.h */,
				1F96D34012D8218D00F6398A /* audio.cpp */,
				1F96D35812D8222500F6398A /* soundeffect.h */,
				1F96D35712D8222500F6398A /* soundeffect.cpp */,
			);
			path = audio;
			sourceTree = "<group>";
		};
		1F96D34612D821A700F6398A /* video */ = {
			isa = PBXGroup;
			children = (
				1FDB5E0512DA786B0096E94F /* interpolatedtexturequad.h */,
				1FDB5E0612DA786B0096E94F /* interpolatedtexturequad.cpp */,
				1FFFF9E212D8854200FC72B7 /* sprite.h */,
				1FFFF9E112D8854200FC72B7 /* sprite.cpp */,
				1FDB5E0112DA72010096E94F /* texturedquad.h */,
				1FDB5E0212DA73F90096E94F /* texturedquad.cpp */,
				1F96D34812D821A700F6398A /* video.h */,
				1F96D34712D821A700F6398A /* video.cpp */,
			);
			path = video;
			sourceTree = "<group>";
		};
		1FD010C511FA3E500062C093 /* source */ = {
			isa = PBXGroup;
			children = (
				1F0D412711FEFA1D00C6D787 /* macros.h */,
				1F0D411111FEF95A00C6D787 /* base */,
				1F0E743E12D76E8A00C311CC /* core */,
				1F0E755D12D7C54000C311CC /* engine */,
				1FFFFA5F12D88F0800FC72B7 /* game */,
				1FFFFA8112D8938700FC72B7 /* classic */,
				1F10A91F12D6C05E00A2FF19 /* gui */,
				1F0D40DF11FEF7C900C6D787 /* main.cpp */,
				1F0D41A211FF0DF000C6D787 /* math */,
			);
			name = source;
			path = ../../source;
			sourceTree = "<group>";
		};
		1FDB5E0D12DA7A590096E94F /* resources */ = {
			isa = PBXGroup;
			children = (
				1FDB5E1112DA7F0E0096E94F /* sound.h */,
				1FDB5E1012DA7F0E0096E94F /* sound.cpp */,
				1FDB5E1212DA7F0E0096E94F /* store.h */,
				1FDB5E1412DA7F0E0096E94F /* storeitem.h */,
				1FDB5E1612DA7F0E0096E94F /* texture.h */,
				1FDB5E1512DA7F0E0096E94F /* texture.cpp */,
			);
			path = resources;
			sourceTree = "<group>";
		};
		1FF3D8B012DCEC6B00BC33C8 /* ui */ = {
			isa = PBXGroup;
			children = (
				1FF3D94012DCFBBC00BC33C8 /* control */,
				1FF3D8B212DCEC6B00BC33C8 /* game.h */,
				1FF3D8B112DCEC6B00BC33C8 /* game.cpp */,
			);
			path = ui;
			sourceTree = "<group>";
		};
		1FF3D94012DCFBBC00BC33C8 /* control */ = {
			isa = PBXGroup;
			children = (
				1FF3D94112DCFBC100BC33C8 /* window.h */,
				1FF3D94212DCFBC100BC33C8 /* window.cpp */,
				1FF3DA2312DD13DF00BC33C8 /* watch.h */,
			);
			path = control;
			sourceTree = "<group>";
		};
		1FFFFA5F12D88F0800FC72B7 /* game */ = {
			isa = PBXGroup;
			children = (
				1FFFFA6112D88F2000FC72B7 /* application.h */,
				1FFFFA6012D88F2000FC72B7 /* application.cpp */,
				1FFFFA6912D88FA000FC72B7 /* external.h */,
				1FFFFA6812D88F7B00FC72B7 /* headers.h */,
				1F30481512DAA69C0079C29D /* simtower.h */,
				1F30481412DAA69C0079C29D /* simtower.cpp */,
				1F30481312DAA69C0079C29D /* simtower-names.cpp */,
			);
			path = game;
			sourceTree = "<group>";
		};
		1FFFFA8112D8938700FC72B7 /* classic */ = {
			isa = PBXGroup;
			children = (
				1FFFFA8212D8938700FC72B7 /* event.h */,
				1FFFFA8312D8938700FC72B7 /* events */,
				1FFFFA8512D8938700FC72B7 /* external.h */,
				1FFFFA8E12D8938700FC72B7 /* items */,
				1FFFFAB812D8938700FC72B7 /* people */,
				1FFFFAC512D8938700FC72B7 /* responder.h */,
				1FFFFAC412D8938700FC72B7 /* responder.cpp */,
				1FFFFAC812D8938700FC72B7 /* scenes */,
				1FFFFACE12D8938700FC72B7 /* tower */,
				1FF3D8B012DCEC6B00BC33C8 /* ui */,
			);
			path = classic;
			sourceTree = "<group>";
		};
		1FFFFA8312D8938700FC72B7 /* events */ = {
			isa = PBXGroup;
			children = (
				1FFFFA8412D8938700FC72B7 /* item.h */,
			);
			path = events;
			sourceTree = "<group>";
		};
		1FFFFA8E12D8938700FC72B7 /* items */ = {
			isa = PBXGroup;
			children = (
				1FFFFA8F12D8938700FC72B7 /* facilities */,
				1FFFFAA612D8938700FC72B7 /* item.h */,
				1FFFFAA512D8938700FC72B7 /* item.cpp */,
				1FDB5F1012DA948D0096E94F /* itemdescriptor.h */,
				1F30483F12DAA8280079C29D /* items.h */,
				1FFFFAA712D8938700FC72B7 /* transports */,
			);
			path = items;
			sourceTree = "<group>";
		};
		1FFFFA8F12D8938700FC72B7 /* facilities */ = {
			isa = PBXGroup;
			children = (
				1F30483C12DAA7D70079C29D /* facilities.h */,
				1FFFFA9112D8938700FC72B7 /* facility.h */,
				1FFFFA9012D8938700FC72B7 /* facility.cpp */,
				1FFFFA9212D8938700FC72B7 /* hotel */,
				1FFFFA9E12D8938700FC72B7 /* occupiable.h */,
				1FFFFA9D12D8938700FC72B7 /* occupiable.cpp */,
				1FFFFA9F12D8938700FC72B7 /* office */,
				1FFFFAA212D8938700FC72B7 /* structure */,
			);
			path = facilities;
			sourceTree = "<group>";
		};
		1FFFFA9212D8938700FC72B7 /* hotel */ = {
			isa = PBXGroup;
			children = (
				1FFFFA9412D8938700FC72B7 /* doubleroom.h */,
				1FFFFA9312D8938700FC72B7 /* doubleroom.cpp */,
				1FFFFA9612D8938700FC72B7 /* hotel.h */,
				1FFFFA9512D8938700FC72B7 /* hotel.cpp */,
				1FFFFA9812D8938700FC72B7 /* housekeeping.h */,
				1FFFFA9712D8938700FC72B7 /* housekeeping.cpp */,
				1FFFFA9A12D8938700FC72B7 /* singleroom.h */,
				1FFFFA9912D8938700FC72B7 /* singleroom.cpp */,
				1FFFFA9C12D8938700FC72B7 /* suite.h */,
				1FFFFA9B12D8938700FC72B7 /* suite.cpp */,
			);
			path = hotel;
			sourceTree = "<group>";
		};
		1FFFFA9F12D8938700FC72B7 /* office */ = {
			isa = PBXGroup;
			children = (
				1FFFFAA012D8938700FC72B7 /* office.cpp */,
				1FFFFAA112D8938700FC72B7 /* office.h */,
			);
			path = office;
			sourceTree = "<group>";
		};
		1FFFFAA212D8938700FC72B7 /* structure */ = {
			isa = PBXGroup;
			children = (
				1FFFFAA312D8938700FC72B7 /* lobby.cpp */,
				1FFFFAA412D8938700FC72B7 /* lobby.h */,
			);
			path = structure;
			sourceTree = "<group>";
		};
		1FFFFAA712D8938700FC72B7 /* transports */ = {
			isa = PBXGroup;
			children = (
				1FFFFAA812D8938700FC72B7 /* elevators */,
				1FFFFAAF12D8938700FC72B7 /* stairslike */,
				1FFFFAB612D8938700FC72B7 /* transport.cpp */,
				1FFFFAB712D8938700FC72B7 /* transport.h */,
				1F30483D12DAA7FF0079C29D /* transports.h */,
			);
			path = transports;
			sourceTree = "<group>";
		};
		1FFFFAA812D8938700FC72B7 /* elevators */ = {
			isa = PBXGroup;
			children = (
				1FFFFAA912D8938700FC72B7 /* elevator.cpp */,
				1FFFFAAA12D8938700FC72B7 /* elevator.h */,
				1FFFFAAB12D8938700FC72B7 /* elevatorbackground.cpp */,
				1FFFFAAC12D8938700FC72B7 /* elevatorbackground.h */,
				1FFFFAAD12D8938700FC72B7 /* standardelevator.cpp */,
				1FFFFAAE12D8938700FC72B7 /* standardelevator.h */,
			);
			path = elevators;
			sourceTree = "<group>";
		};
		1FFFFAAF12D8938700FC72B7 /* stairslike */ = {
			isa = PBXGroup;
			children = (
				1FFFFAB012D8938700FC72B7 /* escalator.cpp */,
				1FFFFAB112D8938700FC72B7 /* escalator.h */,
				1FFFFAB212D8938700FC72B7 /* stairs.cpp */,
				1FFFFAB312D8938700FC72B7 /* stairs.h */,
				1FFFFAB412D8938700FC72B7 /* stairslike.cpp */,
				1FFFFAB512D8938700FC72B7 /* stairslike.h */,
			);
			path = stairslike;
			sourceTree = "<group>";
		};
		1FFFFAB812D8938700FC72B7 /* people */ = {
			isa = PBXGroup;
			children = (
				1FFFFABA12D8938700FC72B7 /* person.h */,
				1FFFFAB912D8938700FC72B7 /* person.cpp */,
				1FFFFABC12D8938700FC72B7 /* scheduledperson.h */,
				1FFFFABB12D8938700FC72B7 /* scheduledperson.cpp */,
				1FFFFABE12D8938700FC72B7 /* timedperson.h */,
				1FFFFABD12D8938700FC72B7 /* timedperson.cpp */,
				1FFFFABF12D8938700FC72B7 /* individuals */,
			);
			path = people;
			sourceTree = "<group>";
		};
		1FFFFABF12D8938700FC72B7 /* individuals */ = {
			isa = PBXGroup;
			children = (
				1FFFFAC012D8938700FC72B7 /* hotelguest.cpp */,
				1FFFFAC112D8938700FC72B7 /* hotelguest.h */,
				1FFFFAC212D8938700FC72B7 /* janitor.cpp */,
				1FFFFAC312D8938700FC72B7 /* janitor.h */,
			);
			path = individuals;
			sourceTree = "<group>";
		};
		1FFFFAC812D8938700FC72B7 /* scenes */ = {
			isa = PBXGroup;
			children = (
				1FFFFACA12D8938700FC72B7 /* game.h */,
				1FFFFAC912D8938700FC72B7 /* game.cpp */,
			);
			path = scenes;
			sourceTree = "<group>";
		};
		1FFFFACE12D8938700FC72B7 /* tower */ = {
			isa = PBXGroup;
			children = (
				1FFFFB8C12D8B65900FC72B7 /* background.h */,
				1FFFFB8D12D8B65900FC72B7 /* background.cpp */,
				1F21341312DB647A00C8CF1D /* environment.h */,
				1F21341412DB647A00C8CF1D /* environment.cpp */,
				1F21341712DB677D00C8CF1D /* funds.h */,
				1F21341812DB677D00C8CF1D /* funds.cpp */,
				1FFFFAFE12D8956000FC72B7 /* route.h */,
				1FFFFAFD12D8956000FC72B7 /* route.cpp */,
				1F1A1EA712DC035F008F69A4 /* structure.h */,
				1F1A1EA812DC035F008F69A4 /* structure.cpp */,
				1F21340D12DB62DE00C8CF1D /* time.h */,
				1F21340E12DB62DE00C8CF1D /* time.cpp */,
				1FFFFAD012D8938700FC72B7 /* tower.h */,
				1FFFFACF12D8938700FC72B7 /* tower.cpp */,
			);
			path = tower;
			sourceTree = "<group>";
		};
		29B97314FDCFA39411CA2CEA /* OpenSkyscraper */ = {
			isa = PBXGroup;
			children = (
				1FD010C511FA3E500062C093 /* source */,
				29B97315FDCFA39411CA2CEA /* Other Sources */,
				29B97317FDCFA39411CA2CEA /* Resources */,
				29B97323FDCFA39411CA2CEA /* Frameworks and Libraries */,
				19C28FACFE9D520D11CA2CBB /* Products */,
			);
			name = OpenSkyscraper;
			sourceTree = "<group>";
		};
		29B97315FDCFA39411CA2CEA /* Other Sources */ = {
			isa = PBXGroup;
			children = (
				256AC3F00F4B6AF500CF3369 /* OpenSkyscraper_Prefix.pch */,
				1F0D40C911FEF48500C6D787 /* SDLMain.h */,
				1F0D40CA11FEF48500C6D787 /* SDLMain.m */,
				1FF3DA0412DD118B00BC33C8 /* alc.h */,
				1FF3DA0512DD118B00BC33C8 /* application.mm */,
			);
			name = "Other Sources";
			sourceTree = "<group>";
		};
		29B97317FDCFA39411CA2CEA /* Resources */ = {
			isa = PBXGroup;
			children = (
				1F8B57BD1201F7470080E30C /* textures */,
				8D1107310486CEB800E47090 /* OpenSkyscraper-Info.plist */,
				089C165CFE840E0CC02AAC07 /* InfoPlist.strings */,
				1DDD58140DA1D0A300B32029 /* MainMenu.xib */,
			);
			name = Resources;
			sourceTree = "<group>";
		};
		29B97323FDCFA39411CA2CEA /* Frameworks and Libraries */ = {
			isa = PBXGroup;
			children = (
				1058C7A0FEA54F0111CA2CBB /* Apple */,
				1058C7A2FEA54F0111CA2CBB /* Third-party */,
			);
			name = "Frameworks and Libraries";
			sourceTree = "<group>";
		};
/* End PBXGroup section */

/* Begin PBXNativeTarget section */
		8D1107260486CEB800E47090 /* OpenSkyscraper */ = {
			isa = PBXNativeTarget;
			buildConfigurationList = C01FCF4A08A954540054247B /* Build configuration list for PBXNativeTarget "OpenSkyscraper" */;
			buildPhases = (
				8D1107290486CEB800E47090 /* Resources */,
				8D11072C0486CEB800E47090 /* Sources */,
				8D11072E0486CEB800E47090 /* Frameworks */,
				1FC9ABED12CA71FC003D1D2A /* Copy Frameworks */,
			);
			buildRules = (
			);
			dependencies = (
			);
			name = OpenSkyscraper;
			productInstallPath = "$(HOME)/Applications";
			productName = OpenSkyscraper;
			productReference = 8D1107320486CEB800E47090 /* OpenSkyscraper.app */;
			productType = "com.apple.product-type.application";
		};
/* End PBXNativeTarget section */

/* Begin PBXProject section */
		29B97313FDCFA39411CA2CEA /* Project object */ = {
			isa = PBXProject;
			buildConfigurationList = C01FCF4E08A954540054247B /* Build configuration list for PBXProject "OpenSkyscraper" */;
			compatibilityVersion = "Xcode 3.1";
			hasScannedForEncodings = 1;
			mainGroup = 29B97314FDCFA39411CA2CEA /* OpenSkyscraper */;
			projectDirPath = "";
			projectRoot = "";
			targets = (
				8D1107260486CEB800E47090 /* OpenSkyscraper */,
			);
		};
/* End PBXProject section */

/* Begin PBXResourcesBuildPhase section */
		8D1107290486CEB800E47090 /* Resources */ = {
			isa = PBXResourcesBuildPhase;
			buildActionMask = 2147483647;
			files = (
				8D11072B0486CEB800E47090 /* InfoPlist.strings in Resources */,
				1DDD58160DA1D0A300B32029 /* MainMenu.xib in Resources */,
				1F8B57BF1201F7470080E30C /* textures in Resources */,
			);
			runOnlyForDeploymentPostprocessing = 0;
		};
/* End PBXResourcesBuildPhase section */

/* Begin PBXSourcesBuildPhase section */
		8D11072C0486CEB800E47090 /* Sources */ = {
			isa = PBXSourcesBuildPhase;
			buildActionMask = 2147483647;
			files = (
				1F0D40CB11FEF48500C6D787 /* SDLMain.m in Sources */,
				1F0D40E011FEF7C900C6D787 /* main.cpp in Sources */,
				1FFC7D4912CD8C860071EA72 /* rand.cpp in Sources */,
				1F96D15212D7457E00F6398A /* managedmemory.cpp in Sources */,
				1F96D16D12D7498100F6398A /* autoreleasequeue.cpp in Sources */,
				1F0E741012D764D200C311CC /* responder.cpp in Sources */,
				1F0E745012D76FAE00C311CC /* responder.cpp in Sources */,
				1F0E747212D7768A00C311CC /* object.cpp in Sources */,
				1F0E751812D7A50900C311CC /* application.cpp in Sources */,
				1F0E756212D7C9D400C311CC /* engine.cpp in Sources */,
				1F0E75DB12D7E07F00C311CC /* application.cpp in Sources */,
				1F0E763612D7EC0A00C311CC /* eventpump.cpp in Sources */,
				1F0E76CC12D7F91200C311CC /* cruisecontrol.cpp in Sources */,
				1F96D26812D811C700F6398A /* responder.cpp in Sources */,
				1F96D2C212D8164200F6398A /* scene.cpp in Sources */,
				1F96D34212D8218D00F6398A /* audio.cpp in Sources */,
				1F96D34912D821A700F6398A /* video.cpp in Sources */,
				1F96D35912D8222500F6398A /* soundeffect.cpp in Sources */,
				1FFFF9E312D8854200FC72B7 /* sprite.cpp in Sources */,
				1FFFFA6212D88F2000FC72B7 /* application.cpp in Sources */,
				1FFFFAD412D8938700FC72B7 /* facility.cpp in Sources */,
				1FFFFAD512D8938700FC72B7 /* doubleroom.cpp in Sources */,
				1FFFFAD612D8938700FC72B7 /* hotel.cpp in Sources */,
				1FFFFAD712D8938700FC72B7 /* housekeeping.cpp in Sources */,
				1FFFFAD812D8938700FC72B7 /* singleroom.cpp in Sources */,
				1FFFFAD912D8938700FC72B7 /* suite.cpp in Sources */,
				1FFFFADA12D8938700FC72B7 /* occupiable.cpp in Sources */,
				1FFFFADB12D8938700FC72B7 /* office.cpp in Sources */,
				1FFFFADC12D8938700FC72B7 /* lobby.cpp in Sources */,
				1FFFFADD12D8938700FC72B7 /* item.cpp in Sources */,
				1FFFFADE12D8938700FC72B7 /* elevator.cpp in Sources */,
				1FFFFADF12D8938700FC72B7 /* elevatorbackground.cpp in Sources */,
				1FFFFAE012D8938700FC72B7 /* standardelevator.cpp in Sources */,
				1FFFFAE112D8938700FC72B7 /* escalator.cpp in Sources */,
				1FFFFAE212D8938700FC72B7 /* stairs.cpp in Sources */,
				1FFFFAE312D8938700FC72B7 /* stairslike.cpp in Sources */,
				1FFFFAE412D8938700FC72B7 /* transport.cpp in Sources */,
				1FFFFAE512D8938700FC72B7 /* person.cpp in Sources */,
				1FFFFAE612D8938700FC72B7 /* scheduledperson.cpp in Sources */,
				1FFFFAE712D8938700FC72B7 /* timedperson.cpp in Sources */,
				1FFFFAE812D8938700FC72B7 /* hotelguest.cpp in Sources */,
				1FFFFAE912D8938700FC72B7 /* janitor.cpp in Sources */,
				1FFFFAEA12D8938700FC72B7 /* responder.cpp in Sources */,
				1FFFFAEC12D8938700FC72B7 /* game.cpp in Sources */,
				1FFFFAEF12D8938700FC72B7 /* tower.cpp in Sources */,
				1FFFFAFF12D8956100FC72B7 /* route.cpp in Sources */,
				1FFFFB8E12D8B65900FC72B7 /* background.cpp in Sources */,
				1FDB5E0312DA73F90096E94F /* texturedquad.cpp in Sources */,
				1FDB5E0712DA786B0096E94F /* interpolatedtexturequad.cpp in Sources */,
				1FDB5E1712DA7F0E0096E94F /* sound.cpp in Sources */,
				1FDB5E1912DA7F0E0096E94F /* texture.cpp in Sources */,
				1F30481612DAA69C0079C29D /* simtower-names.cpp in Sources */,
				1F30481712DAA69C0079C29D /* simtower.cpp in Sources */,
				1F3048C212DAAC520079C29D /* clamp.cpp in Sources */,
				1F21340F12DB62DE00C8CF1D /* time.cpp in Sources */,
				1F21341512DB647A00C8CF1D /* environment.cpp in Sources */,
				1F21341912DB677D00C8CF1D /* funds.cpp in Sources */,
				1F1A1EA912DC035F008F69A4 /* structure.cpp in Sources */,
				1FF3D8B312DCEC6B00BC33C8 /* game.cpp in Sources */,
				1FF3D8E812DCED9300BC33C8 /* view.cpp in Sources */,
				1FF3D94312DCFBC100BC33C8 /* window.cpp in Sources */,
				1FF3DA0612DD118B00BC33C8 /* application.mm in Sources */,
			);
			runOnlyForDeploymentPostprocessing = 0;
		};
/* End PBXSourcesBuildPhase section */

/* Begin PBXVariantGroup section */
		089C165CFE840E0CC02AAC07 /* InfoPlist.strings */ = {
			isa = PBXVariantGroup;
			children = (
				089C165DFE840E0CC02AAC07 /* English */,
			);
			name = InfoPlist.strings;
			sourceTree = "<group>";
		};
		1DDD58140DA1D0A300B32029 /* MainMenu.xib */ = {
			isa = PBXVariantGroup;
			children = (
				1DDD58150DA1D0A300B32029 /* English */,
			);
			name = MainMenu.xib;
			sourceTree = "<group>";
		};
/* End PBXVariantGroup section */

/* Begin XCBuildConfiguration section */
		C01FCF4B08A954540054247B /* Debug */ = {
			isa = XCBuildConfiguration;
			buildSettings = {
				ALWAYS_SEARCH_USER_PATHS = NO;
				COPY_PHASE_STRIP = NO;
				FRAMEWORK_SEARCH_PATHS = (
					"$(inherited)",
					"\"$(SRCROOT)\"",
				);
				GCC_DYNAMIC_NO_PIC = NO;
				GCC_ENABLE_FIX_AND_CONTINUE = YES;
				GCC_MODEL_TUNING = G5;
				GCC_OPTIMIZATION_LEVEL = 0;
				GCC_PRECOMPILE_PREFIX_HEADER = YES;
				GCC_PREFIX_HEADER = OpenSkyscraper_Prefix.pch;
				HEADER_SEARCH_PATHS = /usr/local/include;
				INFOPLIST_FILE = "OpenSkyscraper-Info.plist";
				INSTALL_PATH = "$(HOME)/Applications";
				OTHER_CFLAGS = "";
				PRODUCT_NAME = OpenSkyscraper;
			};
			name = Debug;
		};
		C01FCF4C08A954540054247B /* Release */ = {
			isa = XCBuildConfiguration;
			buildSettings = {
				ALWAYS_SEARCH_USER_PATHS = NO;
				DEBUG_INFORMATION_FORMAT = "dwarf-with-dsym";
				FRAMEWORK_SEARCH_PATHS = (
					"$(inherited)",
					"\"$(SRCROOT)\"",
				);
				GCC_MODEL_TUNING = G5;
				GCC_PRECOMPILE_PREFIX_HEADER = YES;
				GCC_PREFIX_HEADER = OpenSkyscraper_Prefix.pch;
				HEADER_SEARCH_PATHS = /usr/local/include;
				INFOPLIST_FILE = "OpenSkyscraper-Info.plist";
				INSTALL_PATH = "$(HOME)/Applications";
				OTHER_CFLAGS = "";
				PRODUCT_NAME = OpenSkyscraper;
			};
			name = Release;
		};
		C01FCF4F08A954540054247B /* Debug */ = {
			isa = XCBuildConfiguration;
			buildSettings = {
				ARCHS = "$(ARCHS_STANDARD_32_64_BIT)";
				GCC_OPTIMIZATION_LEVEL = 0;
				GCC_WARN_ABOUT_RETURN_TYPE = YES;
				GCC_WARN_UNUSED_VARIABLE = YES;
				ONLY_ACTIVE_ARCH = YES;
				PREBINDING = NO;
				SDKROOT = macosx10.5;
			};
			name = Debug;
		};
		C01FCF5008A954540054247B /* Release */ = {
			isa = XCBuildConfiguration;
			buildSettings = {
				ARCHS = "$(ARCHS_STANDARD_32_64_BIT)";
				GCC_WARN_ABOUT_RETURN_TYPE = YES;
				GCC_WARN_UNUSED_VARIABLE = YES;
				PREBINDING = NO;
				SDKROOT = macosx10.5;
			};
			name = Release;
		};
/* End XCBuildConfiguration section */

/* Begin XCConfigurationList section */
		C01FCF4A08A954540054247B /* Build configuration list for PBXNativeTarget "OpenSkyscraper" */ = {
			isa = XCConfigurationList;
			buildConfigurations = (
				C01FCF4B08A954540054247B /* Debug */,
				C01FCF4C08A954540054247B /* Release */,
			);
			defaultConfigurationIsVisible = 0;
			defaultConfigurationName = Release;
		};
		C01FCF4E08A954540054247B /* Build configuration list for PBXProject "OpenSkyscraper" */ = {
			isa = XCConfigurationList;
			buildConfigurations = (
				C01FCF4F08A954540054247B /* Debug */,
				C01FCF5008A954540054247B /* Release */,
			);
			defaultConfigurationIsVisible = 0;
			defaultConfigurationName = Release;
		};
/* End XCConfigurationList section */
	};
	rootObject = 29B97313FDCFA39411CA2CEA /* Project object */;
}
